
Microsoft Visual Studio Solution File, Format Version 12.00
# Visual Studio Version 17
VisualStudioVersion = 17.8.34525.116
MinimumVisualStudioVersion = 10.0.40219.1
Project("{8BC9CEB8-8B4A-11D0-8D11-00A0C91BC942}") = "00_helloWorld", "Mastering-C-with-Grit.vcxproj", "{5764F7B5-6960-45AD-AE3E-F3A978CFC0A0}"
EndProject
Project("{8BC9CEB8-8B4A-11D0-8D11-00A0C91BC942}") = "02_getch", "..\02_getch\02_getch.vcxproj", "{5CE3FD4D-DF53-4290-8DCC-58C56C8856B7}"
EndProject
Project("{8BC9CEB8-8B4A-11D0-8D11-00A0C91BC942}") = "03_gets", "..\03_gets\03_gets.vcxproj", "{7E76CC0F-179A-4BB7-A129-2E90CF5D5C0E}"
EndProject
Project("{8BC9CEB8-8B4A-11D0-8D11-00A0C91BC942}") = "01_getchar", "..\01_getchar\getchar01.vcxproj", "{A1EC58EF-0654-4B0C-9858-062E6DF682A8}"
EndProject
Project("{8BC9CEB8-8B4A-11D0-8D11-00A0C91BC942}") = "04_charInt", "..\04_charInt\04_charInt.vcxproj", "{F6B13C01-6A36-4905-8592-8D16C00255D2}"
EndProject
Project("{8BC9CEB8-8B4A-11D0-8D11-00A0C91BC942}") = "05_scanfInt", "..\05_scanfInt\05_scanfInt.vcxproj", "{2090E8AD-C061-4EE1-B75C-1C4FB12B1613}"
EndProject
Project("{8BC9CEB8-8B4A-11D0-8D11-00A0C91BC942}") = "06_exam", "..\06_exam\06_exam.vcxproj", "{B2D03D44-ED25-415B-A228-8BEA5C35ED63}"
EndProject
Project("{8BC9CEB8-8B4A-11D0-8D11-00A0C91BC942}") = "07_fflush", "..\07_fflush\07_fflush.vcxproj", "{6764490D-0B29-41F1-A53F-DC78AA558C97}"
EndProject
Project("{8BC9CEB8-8B4A-11D0-8D11-00A0C91BC942}") = "08_exam", "..\08_exam\08_exam.vcxproj", "{3EAE2009-95B5-4E74-9AEB-D401C4016375}"
EndProject
Project("{8BC9CEB8-8B4A-11D0-8D11-00A0C91BC942}") = "09_typePromotion", "..\09_typePromotion\09_typePromotion.vcxproj", "{1D2C2C12-B42F-4ABD-AC9B-6BEF1632E1FD}"
EndProject
Project("{8BC9CEB8-8B4A-11D0-8D11-00A0C91BC942}") = "10_exam", "..\10_exam\10_exam.vcxproj", "{6695D36F-1714-49E6-B89C-BAF8A7807407}"
EndProject
Project("{8BC9CEB8-8B4A-11D0-8D11-00A0C91BC942}") = "11_opSwap", "..\opSwap\opSwap.vcxproj", "{CAFD19D2-88E4-4A92-9CC6-35347385925A}"
EndProject
Project("{8BC9CEB8-8B4A-11D0-8D11-00A0C91BC942}") = "12_exam", "..\12_exam\12_exam.vcxproj", "{EA26EEDA-AD3C-4D04-B5F6-EA69E37C0842}"
EndProject
Project("{8BC9CEB8-8B4A-11D0-8D11-00A0C91BC942}") = "13_opCast", "..\13_opCast\13_opCast.vcxproj", "{0391C63C-EF4C-40AA-9D31-680356916348}"
EndProject
Project("{8BC9CEB8-8B4A-11D0-8D11-00A0C91BC942}") = "14_opSizeof", "..\opSizeof\opSizeof.vcxproj", "{91DC3CB0-5A6A-4099-93AF-ACB24111C08F}"
EndProject
Project("{8BC9CEB8-8B4A-11D0-8D11-00A0C91BC942}") = "15_opLogical", "..\15_opLogical\15_opLogical.vcxproj", "{59B8316E-92C0-4D20-B6E5-FA175DDDAE5C}"
EndProject
Project("{8BC9CEB8-8B4A-11D0-8D11-00A0C91BC942}") = "16_exam", "..\16_exam\16_exam.vcxproj", "{99F20F2E-B39C-4C81-878A-274C5FE25225}"
EndProject
Project("{8BC9CEB8-8B4A-11D0-8D11-00A0C91BC942}") = "17_ctrlClassifyBin", "..\17_ctrlClassifyBin\17_ctrlClassifyBin.vcxproj", "{39283709-A0A3-4DDE-9EC4-1C22FF70BB77}"
EndProject
Project("{8BC9CEB8-8B4A-11D0-8D11-00A0C91BC942}") = "18_exam", "..\18_exam\18_exam.vcxproj", "{2AE66CB0-4C9B-4A04-9DFA-FABA3406ADA8}"
EndProject
Project("{8BC9CEB8-8B4A-11D0-8D11-00A0C91BC942}") = "19_ctrlSwitchCase", "..\19_ctrlSwitchCase\19_ctrlSwitchCase.vcxproj", "{5EAD342B-CD51-4998-8A2C-2A1A5A539641}"
EndProject
Project("{8BC9CEB8-8B4A-11D0-8D11-00A0C91BC942}") = "20_opSwap", "..\20_opSwap\20_opSwap.vcxproj", "{94F299F1-FB72-4D5B-934C-03710843201D}"
EndProject
Project("{8BC9CEB8-8B4A-11D0-8D11-00A0C91BC942}") = "21_exam", "..\21_exam\21_exam.vcxproj", "{3B12536D-6129-4D50-AFCD-95CB517DA59D}"
EndProject
Project("{8BC9CEB8-8B4A-11D0-8D11-00A0C91BC942}") = "22_gugu", "..\22_gugu\22_gugu.vcxproj", "{E22228AF-D7F0-44F1-BBB7-76E45E90E920}"
EndProject
Global
	GlobalSection(SolutionConfigurationPlatforms) = preSolution
		Debug|x64 = Debug|x64
		Debug|x86 = Debug|x86
		Release|x64 = Release|x64
		Release|x86 = Release|x86
	EndGlobalSection
	GlobalSection(ProjectConfigurationPlatforms) = postSolution
		{5764F7B5-6960-45AD-AE3E-F3A978CFC0A0}.Debug|x64.ActiveCfg = Debug|x64
		{5764F7B5-6960-45AD-AE3E-F3A978CFC0A0}.Debug|x64.Build.0 = Debug|x64
		{5764F7B5-6960-45AD-AE3E-F3A978CFC0A0}.Debug|x86.ActiveCfg = Debug|Win32
		{5764F7B5-6960-45AD-AE3E-F3A978CFC0A0}.Debug|x86.Build.0 = Debug|Win32
		{5764F7B5-6960-45AD-AE3E-F3A978CFC0A0}.Release|x64.ActiveCfg = Release|x64
		{5764F7B5-6960-45AD-AE3E-F3A978CFC0A0}.Release|x64.Build.0 = Release|x64
		{5764F7B5-6960-45AD-AE3E-F3A978CFC0A0}.Release|x86.ActiveCfg = Release|Win32
		{5764F7B5-6960-45AD-AE3E-F3A978CFC0A0}.Release|x86.Build.0 = Release|Win32
		{5CE3FD4D-DF53-4290-8DCC-58C56C8856B7}.Debug|x64.ActiveCfg = Debug|x64
		{5CE3FD4D-DF53-4290-8DCC-58C56C8856B7}.Debug|x64.Build.0 = Debug|x64
		{5CE3FD4D-DF53-4290-8DCC-58C56C8856B7}.Debug|x86.ActiveCfg = Debug|Win32
		{5CE3FD4D-DF53-4290-8DCC-58C56C8856B7}.Debug|x86.Build.0 = Debug|Win32
		{5CE3FD4D-DF53-4290-8DCC-58C56C8856B7}.Release|x64.ActiveCfg = Release|x64
		{5CE3FD4D-DF53-4290-8DCC-58C56C8856B7}.Release|x64.Build.0 = Release|x64
		{5CE3FD4D-DF53-4290-8DCC-58C56C8856B7}.Release|x86.ActiveCfg = Release|Win32
		{5CE3FD4D-DF53-4290-8DCC-58C56C8856B7}.Release|x86.Build.0 = Release|Win32
		{7E76CC0F-179A-4BB7-A129-2E90CF5D5C0E}.Debug|x64.ActiveCfg = Debug|x64
		{7E76CC0F-179A-4BB7-A129-2E90CF5D5C0E}.Debug|x64.Build.0 = Debug|x64
		{7E76CC0F-179A-4BB7-A129-2E90CF5D5C0E}.Debug|x86.ActiveCfg = Debug|Win32
		{7E76CC0F-179A-4BB7-A129-2E90CF5D5C0E}.Debug|x86.Build.0 = Debug|Win32
		{7E76CC0F-179A-4BB7-A129-2E90CF5D5C0E}.Release|x64.ActiveCfg = Release|x64
		{7E76CC0F-179A-4BB7-A129-2E90CF5D5C0E}.Release|x64.Build.0 = Release|x64
		{7E76CC0F-179A-4BB7-A129-2E90CF5D5C0E}.Release|x86.ActiveCfg = Release|Win32
		{7E76CC0F-179A-4BB7-A129-2E90CF5D5C0E}.Release|x86.Build.0 = Release|Win32
		{A1EC58EF-0654-4B0C-9858-062E6DF682A8}.Debug|x64.ActiveCfg = Debug|x64
		{A1EC58EF-0654-4B0C-9858-062E6DF682A8}.Debug|x64.Build.0 = Debug|x64
		{A1EC58EF-0654-4B0C-9858-062E6DF682A8}.Debug|x86.ActiveCfg = Debug|Win32
		{A1EC58EF-0654-4B0C-9858-062E6DF682A8}.Debug|x86.Build.0 = Debug|Win32
		{A1EC58EF-0654-4B0C-9858-062E6DF682A8}.Release|x64.ActiveCfg = Release|x64
		{A1EC58EF-0654-4B0C-9858-062E6DF682A8}.Release|x64.Build.0 = Release|x64
		{A1EC58EF-0654-4B0C-9858-062E6DF682A8}.Release|x86.ActiveCfg = Release|Win32
		{A1EC58EF-0654-4B0C-9858-062E6DF682A8}.Release|x86.Build.0 = Release|Win32
		{F6B13C01-6A36-4905-8592-8D16C00255D2}.Debug|x64.ActiveCfg = Debug|x64
		{F6B13C01-6A36-4905-8592-8D16C00255D2}.Debug|x64.Build.0 = Debug|x64
		{F6B13C01-6A36-4905-8592-8D16C00255D2}.Debug|x86.ActiveCfg = Debug|Win32
		{F6B13C01-6A36-4905-8592-8D16C00255D2}.Debug|x86.Build.0 = Debug|Win32
		{F6B13C01-6A36-4905-8592-8D16C00255D2}.Release|x64.ActiveCfg = Release|x64
		{F6B13C01-6A36-4905-8592-8D16C00255D2}.Release|x64.Build.0 = Release|x64
		{F6B13C01-6A36-4905-8592-8D16C00255D2}.Release|x86.ActiveCfg = Release|Win32
		{F6B13C01-6A36-4905-8592-8D16C00255D2}.Release|x86.Build.0 = Release|Win32
		{2090E8AD-C061-4EE1-B75C-1C4FB12B1613}.Debug|x64.ActiveCfg = Debug|x64
		{2090E8AD-C061-4EE1-B75C-1C4FB12B1613}.Debug|x64.Build.0 = Debug|x64
		{2090E8AD-C061-4EE1-B75C-1C4FB12B1613}.Debug|x86.ActiveCfg = Debug|Win32
		{2090E8AD-C061-4EE1-B75C-1C4FB12B1613}.Debug|x86.Build.0 = Debug|Win32
		{2090E8AD-C061-4EE1-B75C-1C4FB12B1613}.Release|x64.ActiveCfg = Release|x64
		{2090E8AD-C061-4EE1-B75C-1C4FB12B1613}.Release|x64.Build.0 = Release|x64
		{2090E8AD-C061-4EE1-B75C-1C4FB12B1613}.Release|x86.ActiveCfg = Release|Win32
		{2090E8AD-C061-4EE1-B75C-1C4FB12B1613}.Release|x86.Build.0 = Release|Win32
		{B2D03D44-ED25-415B-A228-8BEA5C35ED63}.Debug|x64.ActiveCfg = Debug|x64
		{B2D03D44-ED25-415B-A228-8BEA5C35ED63}.Debug|x64.Build.0 = Debug|x64
		{B2D03D44-ED25-415B-A228-8BEA5C35ED63}.Debug|x86.ActiveCfg = Debug|Win32
		{B2D03D44-ED25-415B-A228-8BEA5C35ED63}.Debug|x86.Build.0 = Debug|Win32
		{B2D03D44-ED25-415B-A228-8BEA5C35ED63}.Release|x64.ActiveCfg = Release|x64
		{B2D03D44-ED25-415B-A228-8BEA5C35ED63}.Release|x64.Build.0 = Release|x64
		{B2D03D44-ED25-415B-A228-8BEA5C35ED63}.Release|x86.ActiveCfg = Release|Win32
		{B2D03D44-ED25-415B-A228-8BEA5C35ED63}.Release|x86.Build.0 = Release|Win32
		{6764490D-0B29-41F1-A53F-DC78AA558C97}.Debug|x64.ActiveCfg = Debug|x64
		{6764490D-0B29-41F1-A53F-DC78AA558C97}.Debug|x64.Build.0 = Debug|x64
		{6764490D-0B29-41F1-A53F-DC78AA558C97}.Debug|x86.ActiveCfg = Debug|Win32
		{6764490D-0B29-41F1-A53F-DC78AA558C97}.Debug|x86.Build.0 = Debug|Win32
		{6764490D-0B29-41F1-A53F-DC78AA558C97}.Release|x64.ActiveCfg = Release|x64
		{6764490D-0B29-41F1-A53F-DC78AA558C97}.Release|x64.Build.0 = Release|x64
		{6764490D-0B29-41F1-A53F-DC78AA558C97}.Release|x86.ActiveCfg = Release|Win32
		{6764490D-0B29-41F1-A53F-DC78AA558C97}.Release|x86.Build.0 = Release|Win32
		{3EAE2009-95B5-4E74-9AEB-D401C4016375}.Debug|x64.ActiveCfg = Debug|x64
		{3EAE2009-95B5-4E74-9AEB-D401C4016375}.Debug|x64.Build.0 = Debug|x64
		{3EAE2009-95B5-4E74-9AEB-D401C4016375}.Debug|x86.ActiveCfg = Debug|Win32
		{3EAE2009-95B5-4E74-9AEB-D401C4016375}.Debug|x86.Build.0 = Debug|Win32
		{3EAE2009-95B5-4E74-9AEB-D401C4016375}.Release|x64.ActiveCfg = Release|x64
		{3EAE2009-95B5-4E74-9AEB-D401C4016375}.Release|x64.Build.0 = Release|x64
		{3EAE2009-95B5-4E74-9AEB-D401C4016375}.Release|x86.ActiveCfg = Release|Win32
		{3EAE2009-95B5-4E74-9AEB-D401C4016375}.Release|x86.Build.0 = Release|Win32
		{1D2C2C12-B42F-4ABD-AC9B-6BEF1632E1FD}.Debug|x64.ActiveCfg = Debug|x64
		{1D2C2C12-B42F-4ABD-AC9B-6BEF1632E1FD}.Debug|x64.Build.0 = Debug|x64
		{1D2C2C12-B42F-4ABD-AC9B-6BEF1632E1FD}.Debug|x86.ActiveCfg = Debug|Win32
		{1D2C2C12-B42F-4ABD-AC9B-6BEF1632E1FD}.Debug|x86.Build.0 = Debug|Win32
		{1D2C2C12-B42F-4ABD-AC9B-6BEF1632E1FD}.Release|x64.ActiveCfg = Release|x64
		{1D2C2C12-B42F-4ABD-AC9B-6BEF1632E1FD}.Release|x64.Build.0 = Release|x64
		{1D2C2C12-B42F-4ABD-AC9B-6BEF1632E1FD}.Release|x86.ActiveCfg = Release|Win32
		{1D2C2C12-B42F-4ABD-AC9B-6BEF1632E1FD}.Release|x86.Build.0 = Release|Win32
		{6695D36F-1714-49E6-B89C-BAF8A7807407}.Debug|x64.ActiveCfg = Debug|x64
		{6695D36F-1714-49E6-B89C-BAF8A7807407}.Debug|x64.Build.0 = Debug|x64
		{6695D36F-1714-49E6-B89C-BAF8A7807407}.Debug|x86.ActiveCfg = Debug|Win32
		{6695D36F-1714-49E6-B89C-BAF8A7807407}.Debug|x86.Build.0 = Debug|Win32
		{6695D36F-1714-49E6-B89C-BAF8A7807407}.Release|x64.ActiveCfg = Release|x64
		{6695D36F-1714-49E6-B89C-BAF8A7807407}.Release|x64.Build.0 = Release|x64
		{6695D36F-1714-49E6-B89C-BAF8A7807407}.Release|x86.ActiveCfg = Release|Win32
		{6695D36F-1714-49E6-B89C-BAF8A7807407}.Release|x86.Build.0 = Release|Win32
		{CAFD19D2-88E4-4A92-9CC6-35347385925A}.Debug|x64.ActiveCfg = Debug|x64
		{CAFD19D2-88E4-4A92-9CC6-35347385925A}.Debug|x64.Build.0 = Debug|x64
		{CAFD19D2-88E4-4A92-9CC6-35347385925A}.Debug|x86.ActiveCfg = Debug|Win32
		{CAFD19D2-88E4-4A92-9CC6-35347385925A}.Debug|x86.Build.0 = Debug|Win32
		{CAFD19D2-88E4-4A92-9CC6-35347385925A}.Release|x64.ActiveCfg = Release|x64
		{CAFD19D2-88E4-4A92-9CC6-35347385925A}.Release|x64.Build.0 = Release|x64
		{CAFD19D2-88E4-4A92-9CC6-35347385925A}.Release|x86.ActiveCfg = Release|Win32
		{CAFD19D2-88E4-4A92-9CC6-35347385925A}.Release|x86.Build.0 = Release|Win32
		{EA26EEDA-AD3C-4D04-B5F6-EA69E37C0842}.Debug|x64.ActiveCfg = Debug|x64
		{EA26EEDA-AD3C-4D04-B5F6-EA69E37C0842}.Debug|x64.Build.0 = Debug|x64
		{EA26EEDA-AD3C-4D04-B5F6-EA69E37C0842}.Debug|x86.ActiveCfg = Debug|Win32
		{EA26EEDA-AD3C-4D04-B5F6-EA69E37C0842}.Debug|x86.Build.0 = Debug|Win32
		{EA26EEDA-AD3C-4D04-B5F6-EA69E37C0842}.Release|x64.ActiveCfg = Release|x64
		{EA26EEDA-AD3C-4D04-B5F6-EA69E37C0842}.Release|x64.Build.0 = Release|x64
		{EA26EEDA-AD3C-4D04-B5F6-EA69E37C0842}.Release|x86.ActiveCfg = Release|Win32
		{EA26EEDA-AD3C-4D04-B5F6-EA69E37C0842}.Release|x86.Build.0 = Release|Win32
		{0391C63C-EF4C-40AA-9D31-680356916348}.Debug|x64.ActiveCfg = Debug|x64
		{0391C63C-EF4C-40AA-9D31-680356916348}.Debug|x64.Build.0 = Debug|x64
		{0391C63C-EF4C-40AA-9D31-680356916348}.Debug|x86.ActiveCfg = Debug|Win32
		{0391C63C-EF4C-40AA-9D31-680356916348}.Debug|x86.Build.0 = Debug|Win32
		{0391C63C-EF4C-40AA-9D31-680356916348}.Release|x64.ActiveCfg = Release|x64
		{0391C63C-EF4C-40AA-9D31-680356916348}.Release|x64.Build.0 = Release|x64
		{0391C63C-EF4C-40AA-9D31-680356916348}.Release|x86.ActiveCfg = Release|Win32
		{0391C63C-EF4C-40AA-9D31-680356916348}.Release|x86.Build.0 = Release|Win32
		{91DC3CB0-5A6A-4099-93AF-ACB24111C08F}.Debug|x64.ActiveCfg = Debug|x64
		{91DC3CB0-5A6A-4099-93AF-ACB24111C08F}.Debug|x64.Build.0 = Debug|x64
		{91DC3CB0-5A6A-4099-93AF-ACB24111C08F}.Debug|x86.ActiveCfg = Debug|Win32
		{91DC3CB0-5A6A-4099-93AF-ACB24111C08F}.Debug|x86.Build.0 = Debug|Win32
		{91DC3CB0-5A6A-4099-93AF-ACB24111C08F}.Release|x64.ActiveCfg = Release|x64
		{91DC3CB0-5A6A-4099-93AF-ACB24111C08F}.Release|x64.Build.0 = Release|x64
		{91DC3CB0-5A6A-4099-93AF-ACB24111C08F}.Release|x86.ActiveCfg = Release|Win32
		{91DC3CB0-5A6A-4099-93AF-ACB24111C08F}.Release|x86.Build.0 = Release|Win32
		{59B8316E-92C0-4D20-B6E5-FA175DDDAE5C}.Debug|x64.ActiveCfg = Debug|x64
		{59B8316E-92C0-4D20-B6E5-FA175DDDAE5C}.Debug|x64.Build.0 = Debug|x64
		{59B8316E-92C0-4D20-B6E5-FA175DDDAE5C}.Debug|x86.ActiveCfg = Debug|Win32
		{59B8316E-92C0-4D20-B6E5-FA175DDDAE5C}.Debug|x86.Build.0 = Debug|Win32
		{59B8316E-92C0-4D20-B6E5-FA175DDDAE5C}.Release|x64.ActiveCfg = Release|x64
		{59B8316E-92C0-4D20-B6E5-FA175DDDAE5C}.Release|x64.Build.0 = Release|x64
		{59B8316E-92C0-4D20-B6E5-FA175DDDAE5C}.Release|x86.ActiveCfg = Release|Win32
		{59B8316E-92C0-4D20-B6E5-FA175DDDAE5C}.Release|x86.Build.0 = Release|Win32
		{99F20F2E-B39C-4C81-878A-274C5FE25225}.Debug|x64.ActiveCfg = Debug|x64
		{99F20F2E-B39C-4C81-878A-274C5FE25225}.Debug|x64.Build.0 = Debug|x64
		{99F20F2E-B39C-4C81-878A-274C5FE25225}.Debug|x86.ActiveCfg = Debug|Win32
		{99F20F2E-B39C-4C81-878A-274C5FE25225}.Debug|x86.Build.0 = Debug|Win32
		{99F20F2E-B39C-4C81-878A-274C5FE25225}.Release|x64.ActiveCfg = Release|x64
		{99F20F2E-B39C-4C81-878A-274C5FE25225}.Release|x64.Build.0 = Release|x64
		{99F20F2E-B39C-4C81-878A-274C5FE25225}.Release|x86.ActiveCfg = Release|Win32
		{99F20F2E-B39C-4C81-878A-274C5FE25225}.Release|x86.Build.0 = Release|Win32
		{39283709-A0A3-4DDE-9EC4-1C22FF70BB77}.Debug|x64.ActiveCfg = Debug|x64
		{39283709-A0A3-4DDE-9EC4-1C22FF70BB77}.Debug|x64.Build.0 = Debug|x64
		{39283709-A0A3-4DDE-9EC4-1C22FF70BB77}.Debug|x86.ActiveCfg = Debug|Win32
		{39283709-A0A3-4DDE-9EC4-1C22FF70BB77}.Debug|x86.Build.0 = Debug|Win32
		{39283709-A0A3-4DDE-9EC4-1C22FF70BB77}.Release|x64.ActiveCfg = Release|x64
		{39283709-A0A3-4DDE-9EC4-1C22FF70BB77}.Release|x64.Build.0 = Release|x64
		{39283709-A0A3-4DDE-9EC4-1C22FF70BB77}.Release|x86.ActiveCfg = Release|Win32
		{39283709-A0A3-4DDE-9EC4-1C22FF70BB77}.Release|x86.Build.0 = Release|Win32
		{2AE66CB0-4C9B-4A04-9DFA-FABA3406ADA8}.Debug|x64.ActiveCfg = Debug|x64
		{2AE66CB0-4C9B-4A04-9DFA-FABA3406ADA8}.Debug|x64.Build.0 = Debug|x64
		{2AE66CB0-4C9B-4A04-9DFA-FABA3406ADA8}.Debug|x86.ActiveCfg = Debug|Win32
		{2AE66CB0-4C9B-4A04-9DFA-FABA3406ADA8}.Debug|x86.Build.0 = Debug|Win32
		{2AE66CB0-4C9B-4A04-9DFA-FABA3406ADA8}.Release|x64.ActiveCfg = Release|x64
		{2AE66CB0-4C9B-4A04-9DFA-FABA3406ADA8}.Release|x64.Build.0 = Release|x64
		{2AE66CB0-4C9B-4A04-9DFA-FABA3406ADA8}.Release|x86.ActiveCfg = Release|Win32
		{2AE66CB0-4C9B-4A04-9DFA-FABA3406ADA8}.Release|x86.Build.0 = Release|Win32
		{5EAD342B-CD51-4998-8A2C-2A1A5A539641}.Debug|x64.ActiveCfg = Debug|x64
		{5EAD342B-CD51-4998-8A2C-2A1A5A539641}.Debug|x64.Build.0 = Debug|x64
		{5EAD342B-CD51-4998-8A2C-2A1A5A539641}.Debug|x86.ActiveCfg = Debug|Win32
		{5EAD342B-CD51-4998-8A2C-2A1A5A539641}.Debug|x86.Build.0 = Debug|Win32
		{5EAD342B-CD51-4998-8A2C-2A1A5A539641}.Release|x64.ActiveCfg = Release|x64
		{5EAD342B-CD51-4998-8A2C-2A1A5A539641}.Release|x64.Build.0 = Release|x64
		{5EAD342B-CD51-4998-8A2C-2A1A5A539641}.Release|x86.ActiveCfg = Release|Win32
		{5EAD342B-CD51-4998-8A2C-2A1A5A539641}.Release|x86.Build.0 = Release|Win32
		{94F299F1-FB72-4D5B-934C-03710843201D}.Debug|x64.ActiveCfg = Debug|x64
		{94F299F1-FB72-4D5B-934C-03710843201D}.Debug|x64.Build.0 = Debug|x64
		{94F299F1-FB72-4D5B-934C-03710843201D}.Debug|x86.ActiveCfg = Debug|Win32
		{94F299F1-FB72-4D5B-934C-03710843201D}.Debug|x86.Build.0 = Debug|Win32
		{94F299F1-FB72-4D5B-934C-03710843201D}.Release|x64.ActiveCfg = Release|x64
		{94F299F1-FB72-4D5B-934C-03710843201D}.Release|x64.Build.0 = Release|x64
		{94F299F1-FB72-4D5B-934C-03710843201D}.Release|x86.ActiveCfg = Release|Win32
		{94F299F1-FB72-4D5B-934C-03710843201D}.Release|x86.Build.0 = Release|Win32
		{3B12536D-6129-4D50-AFCD-95CB517DA59D}.Debug|x64.ActiveCfg = Debug|x64
		{3B12536D-6129-4D50-AFCD-95CB517DA59D}.Debug|x64.Build.0 = Debug|x64
		{3B12536D-6129-4D50-AFCD-95CB517DA59D}.Debug|x86.ActiveCfg = Debug|Win32
		{3B12536D-6129-4D50-AFCD-95CB517DA59D}.Debug|x86.Build.0 = Debug|Win32
		{3B12536D-6129-4D50-AFCD-95CB517DA59D}.Release|x64.ActiveCfg = Release|x64
		{3B12536D-6129-4D50-AFCD-95CB517DA59D}.Release|x64.Build.0 = Release|x64
		{3B12536D-6129-4D50-AFCD-95CB517DA59D}.Release|x86.ActiveCfg = Release|Win32
		{3B12536D-6129-4D50-AFCD-95CB517DA59D}.Release|x86.Build.0 = Release|Win32
		{E22228AF-D7F0-44F1-BBB7-76E45E90E920}.Debug|x64.ActiveCfg = Debug|x64
		{E22228AF-D7F0-44F1-BBB7-76E45E90E920}.Debug|x64.Build.0 = Debug|x64
		{E22228AF-D7F0-44F1-BBB7-76E45E90E920}.Debug|x86.ActiveCfg = Debug|Win32
		{E22228AF-D7F0-44F1-BBB7-76E45E90E920}.Debug|x86.Build.0 = Debug|Win32
		{E22228AF-D7F0-44F1-BBB7-76E45E90E920}.Release|x64.ActiveCfg = Release|x64
		{E22228AF-D7F0-44F1-BBB7-76E45E90E920}.Release|x64.Build.0 = Release|x64
		{E22228AF-D7F0-44F1-BBB7-76E45E90E920}.Release|x86.ActiveCfg = Release|Win32
		{E22228AF-D7F0-44F1-BBB7-76E45E90E920}.Release|x86.Build.0 = Release|Win32
	EndGlobalSection
	GlobalSection(SolutionProperties) = preSolution
		HideSolutionNode = FALSE
	EndGlobalSection
	GlobalSection(ExtensibilityGlobals) = postSolution
		SolutionGuid = {5F13E00E-8926-44EB-AE12-9C3F2E86778B}
	EndGlobalSection
EndGlobal
