
Microsoft Visual Studio Solution File, Format Version 12.00
# Visual Studio Version 17
VisualStudioVersion = 17.8.34525.116
MinimumVisualStudioVersion = 10.0.40219.1
Project("{8BC9CEB8-8B4A-11D0-8D11-00A0C91BC942}") = "00_helloWorld", "Mastering-C-with-Grit.vcxproj", "{5764F7B5-6960-45AD-AE3E-F3A978CFC0A0}"
EndProject
Project("{8BC9CEB8-8B4A-11D0-8D11-00A0C91BC942}") = "02_getch", "..\02_getch\02_getch.vcxproj", "{5CE3FD4D-DF53-4290-8DCC-58C56C8856B7}"
EndProject
Project("{8BC9CEB8-8B4A-11D0-8D11-00A0C91BC942}") = "03_gets", "..\03_gets\03_gets.vcxproj", "{7E76CC0F-179A-4BB7-A129-2E90CF5D5C0E}"
EndProject
Project("{8BC9CEB8-8B4A-11D0-8D11-00A0C91BC942}") = "01_getchar", "..\01_getchar\getchar01.vcxproj", "{A1EC58EF-0654-4B0C-9858-062E6DF682A8}"
EndProject
Project("{8BC9CEB8-8B4A-11D0-8D11-00A0C91BC942}") = "04_charInt", "..\04_charInt\04_charInt.vcxproj", "{F6B13C01-6A36-4905-8592-8D16C00255D2}"
EndProject
Project("{8BC9CEB8-8B4A-11D0-8D11-00A0C91BC942}") = "05_scanfInt", "..\05_scanfInt\05_scanfInt.vcxproj", "{2090E8AD-C061-4EE1-B75C-1C4FB12B1613}"
EndProject
Project("{8BC9CEB8-8B4A-11D0-8D11-00A0C91BC942}") = "06_exam", "..\06_exam\06_exam.vcxproj", "{B2D03D44-ED25-415B-A228-8BEA5C35ED63}"
EndProject
Project("{8BC9CEB8-8B4A-11D0-8D11-00A0C91BC942}") = "07_fflush", "..\07_fflush\07_fflush.vcxproj", "{6764490D-0B29-41F1-A53F-DC78AA558C97}"
EndProject
Project("{8BC9CEB8-8B4A-11D0-8D11-00A0C91BC942}") = "08_exam", "..\08_exam\08_exam.vcxproj", "{3EAE2009-95B5-4E74-9AEB-D401C4016375}"
EndProject
Project("{8BC9CEB8-8B4A-11D0-8D11-00A0C91BC942}") = "09_typePromotion", "..\09_typePromotion\09_typePromotion.vcxproj", "{1D2C2C12-B42F-4ABD-AC9B-6BEF1632E1FD}"
EndProject
Project("{8BC9CEB8-8B4A-11D0-8D11-00A0C91BC942}") = "10_exam", "..\10_exam\10_exam.vcxproj", "{6695D36F-1714-49E6-B89C-BAF8A7807407}"
EndProject
Project("{8BC9CEB8-8B4A-11D0-8D11-00A0C91BC942}") = "11_opSwap", "..\opSwap\opSwap.vcxproj", "{CAFD19D2-88E4-4A92-9CC6-35347385925A}"
EndProject
Project("{8BC9CEB8-8B4A-11D0-8D11-00A0C91BC942}") = "12_exam", "..\12_exam\12_exam.vcxproj", "{EA26EEDA-AD3C-4D04-B5F6-EA69E37C0842}"
EndProject
Project("{8BC9CEB8-8B4A-11D0-8D11-00A0C91BC942}") = "13_opCast", "..\13_opCast\13_opCast.vcxproj", "{0391C63C-EF4C-40AA-9D31-680356916348}"
EndProject
Project("{8BC9CEB8-8B4A-11D0-8D11-00A0C91BC942}") = "14_opSizeof", "..\opSizeof\opSizeof.vcxproj", "{91DC3CB0-5A6A-4099-93AF-ACB24111C08F}"
EndProject
Project("{8BC9CEB8-8B4A-11D0-8D11-00A0C91BC942}") = "15_opLogical", "..\15_opLogical\15_opLogical.vcxproj", "{59B8316E-92C0-4D20-B6E5-FA175DDDAE5C}"
EndProject
Project("{8BC9CEB8-8B4A-11D0-8D11-00A0C91BC942}") = "16_exam", "..\16_exam\16_exam.vcxproj", "{99F20F2E-B39C-4C81-878A-274C5FE25225}"
EndProject
Project("{8BC9CEB8-8B4A-11D0-8D11-00A0C91BC942}") = "17_ctrlClassifyBin", "..\17_ctrlClassifyBin\17_ctrlClassifyBin.vcxproj", "{39283709-A0A3-4DDE-9EC4-1C22FF70BB77}"
EndProject
Project("{8BC9CEB8-8B4A-11D0-8D11-00A0C91BC942}") = "18_exam", "..\18_exam\18_exam.vcxproj", "{2AE66CB0-4C9B-4A04-9DFA-FABA3406ADA8}"
EndProject
Project("{8BC9CEB8-8B4A-11D0-8D11-00A0C91BC942}") = "19_ctrlSwitchCase", "..\19_ctrlSwitchCase\19_ctrlSwitchCase.vcxproj", "{5EAD342B-CD51-4998-8A2C-2A1A5A539641}"
EndProject
Project("{8BC9CEB8-8B4A-11D0-8D11-00A0C91BC942}") = "20_opSwap", "..\20_opSwap\20_opSwap.vcxproj", "{94F299F1-FB72-4D5B-934C-03710843201D}"
EndProject
Project("{8BC9CEB8-8B4A-11D0-8D11-00A0C91BC942}") = "21_exam", "..\21_exam\21_exam.vcxproj", "{3B12536D-6129-4D50-AFCD-95CB517DA59D}"
EndProject
Project("{8BC9CEB8-8B4A-11D0-8D11-00A0C91BC942}") = "22_gugu", "..\22_gugu\22_gugu.vcxproj", "{E22228AF-D7F0-44F1-BBB7-76E45E90E920}"
EndProject
Project("{8BC9CEB8-8B4A-11D0-8D11-00A0C91BC942}") = "23_exam", "..\23_exam\23_exam.vcxproj", "{F5740FD2-11FB-449B-826A-B548683CBE02}"
EndProject
Project("{8BC9CEB8-8B4A-11D0-8D11-00A0C91BC942}") = "24_ctrlFor", "..\24_ctrlFor\24_ctrlFor.vcxproj", "{90AD6CDA-C9E6-4F50-80A2-06E8A381028B}"
EndProject
Project("{8BC9CEB8-8B4A-11D0-8D11-00A0C91BC942}") = "25_exam", "..\25_exam\25_exam.vcxproj", "{04C299C4-EE9C-411C-856C-A23B167F6ABD}"
EndProject
Project("{8BC9CEB8-8B4A-11D0-8D11-00A0C91BC942}") = "26_ctrlDoWhile", "..\26_ctrlDoWhile\26_ctrlDoWhile.vcxproj", "{87492827-BC5A-45CB-97CE-9B5288282012}"
EndProject
Project("{8BC9CEB8-8B4A-11D0-8D11-00A0C91BC942}") = "27_ctrlBreak", "..\27_ctrlBreak\27_ctrlBreak.vcxproj", "{018B7F0A-AED3-469D-84B8-755BE542149F}"
EndProject
Project("{8BC9CEB8-8B4A-11D0-8D11-00A0C91BC942}") = "28_array", "..\28_array\28_array.vcxproj", "{65693D83-DBA6-47F1-944E-335E6E33BBC4}"
EndProject
Project("{8BC9CEB8-8B4A-11D0-8D11-00A0C91BC942}") = "29_maxFromArray", "..\29_maxFromArray\29_maxFromArray.vcxproj", "{7B54859A-E6F3-445B-9D16-942545DAE911}"
EndProject
Project("{8BC9CEB8-8B4A-11D0-8D11-00A0C91BC942}") = "30_arrayString", "..\30_arrayString\30_arrayString.vcxproj", "{92C73F96-3811-48D2-B816-5D8DEEE3F83C}"
EndProject
Project("{8BC9CEB8-8B4A-11D0-8D11-00A0C91BC942}") = "31_multiArray", "..\31_multiArray\31_multiArray.vcxproj", "{57C4EF0C-BEE4-48F5-8ADB-72DEE1CB9E79}"
EndProject
Project("{8BC9CEB8-8B4A-11D0-8D11-00A0C91BC942}") = "32_exam", "..\32_exam\32_exam.vcxproj", "{1CA7BB6A-EBBE-49E9-973E-BE14516EEBDF}"
EndProject
Project("{8BC9CEB8-8B4A-11D0-8D11-00A0C91BC942}") = "33_sortAlgorhythm", "..\sortAlgorhythm\sortAlgorhythm.vcxproj", "{1D3C7C3E-D5DC-49C2-8713-663A0FEF41E3}"
EndProject
Project("{8BC9CEB8-8B4A-11D0-8D11-00A0C91BC942}") = "34_snailArray", "..\34_snailArray\34_snailArray.vcxproj", "{7A1A5479-A5F2-493E-B211-17D02A2E1F7B}"
EndProject
Project("{8BC9CEB8-8B4A-11D0-8D11-00A0C91BC942}") = "35_lookUpArray", "..\35_lookUpArray\35_lookUpArray.vcxproj", "{7CA2B4F6-028E-46E8-8D06-C2802979F703}"
EndProject
Project("{8BC9CEB8-8B4A-11D0-8D11-00A0C91BC942}") = "36_exam", "..\36_exam\36_exam.vcxproj", "{892881D8-2C43-4E50-A356-56FDD52A2322}"
EndProject
Project("{8BC9CEB8-8B4A-11D0-8D11-00A0C91BC942}") = "37_function", "..\37_function\37_function.vcxproj", "{B5BC2A96-7CC8-45AC-BEC7-0C9F034888DF}"
EndProject
Project("{8BC9CEB8-8B4A-11D0-8D11-00A0C91BC942}") = "38_printMenu", "..\38_printMenu\38_printMenu.vcxproj", "{ECAA8A25-7A49-4979-A5CB-3819CBD6571F}"
EndProject
Project("{8BC9CEB8-8B4A-11D0-8D11-00A0C91BC942}") = "39_funcExam", "..\39_funcExam\39_funcExam.vcxproj", "{54412632-263F-4853-92AB-352BC114F3E8}"
EndProject
Project("{8BC9CEB8-8B4A-11D0-8D11-00A0C91BC942}") = "40_funcProto", "..\40_funcProto\40_funcProto.vcxproj", "{FCEE797F-1C55-4806-9B1D-205B38054A9E}"
EndProject
Project("{8BC9CEB8-8B4A-11D0-8D11-00A0C91BC942}") = "41_globalVar", "..\41_globalVar\41_globalVar.vcxproj", "{41C0E4CB-C0AF-4EE7-8F3B-A1528EB6DD64}"
EndProject
Project("{8BC9CEB8-8B4A-11D0-8D11-00A0C91BC942}") = "42_exam", "..\42_exam\42_exam.vcxproj", "{C27DF171-793B-47AA-B918-9B4056251C0E}"
EndProject
Project("{8BC9CEB8-8B4A-11D0-8D11-00A0C91BC942}") = "43_memory", "..\43_memory\43_memory.vcxproj", "{8AC08465-04F2-4001-A7D6-69F0F3775574}"
EndProject
Project("{8BC9CEB8-8B4A-11D0-8D11-00A0C91BC942}") = "44_hugeError", "..\44_hugeError\44_hugeError.vcxproj", "{970212A1-AAE4-433F-A62C-99B9E464E94B}"
EndProject
Project("{8BC9CEB8-8B4A-11D0-8D11-00A0C91BC942}") = "45_mem", "..\45_mem\45_mem.vcxproj", "{283460FD-FF1C-4B84-AD2E-08B373A49642}"
EndProject
Project("{8BC9CEB8-8B4A-11D0-8D11-00A0C91BC942}") = "46_strstr", "..\46_strstr\46_strstr.vcxproj", "{2987E107-0335-48A1-825A-0F5939B34D3C}"
EndProject
Project("{8BC9CEB8-8B4A-11D0-8D11-00A0C91BC942}") = "47_ptrnArray", "..\47_ptrnArray\47_ptrnArray.vcxproj", "{27FF8E96-15BE-406D-B580-8CAE04D1C274}"
EndProject
Project("{8BC9CEB8-8B4A-11D0-8D11-00A0C91BC942}") = "48_ptrRealloc", "..\48_ptrRealloc\48_ptrRealloc.vcxproj", "{AF5C6231-25B6-45C4-9F24-C26DA8BFBB37}"
EndProject
Project("{8BC9CEB8-8B4A-11D0-8D11-00A0C91BC942}") = "49_badPointer", "..\49_badPointer\49_badPointer.vcxproj", "{ABFE5608-A1F4-4525-99B8-011E45B5F0D3}"
EndProject
Project("{8BC9CEB8-8B4A-11D0-8D11-00A0C91BC942}") = "50_arrayOfPtr", "..\50_arrayOfPtr\50_arrayOfPtr.vcxproj", "{25F349FD-7377-4613-94DB-C4ADF53EA97C}"
EndProject
Project("{8BC9CEB8-8B4A-11D0-8D11-00A0C91BC942}") = "51_variable", "..\51_variable\51_variable.vcxproj", "{90296DDF-B926-4193-BFAD-035C44CEE08C}"
EndProject
Project("{8BC9CEB8-8B4A-11D0-8D11-00A0C91BC942}") = "52_exam", "..\52_exam\52_exam.vcxproj", "{69F38442-9774-4785-A568-CEF91A4DF673}"
EndProject
Project("{8BC9CEB8-8B4A-11D0-8D11-00A0C91BC942}") = "funcCallByVal", "..\funcCallByVal\funcCallByVal.vcxproj", "{E4019F59-3785-42CA-A26B-45FA64AFA3FA}"
EndProject
Project("{8BC9CEB8-8B4A-11D0-8D11-00A0C91BC942}") = "54_exam", "..\54_exam\54_exam.vcxproj", "{7AA66EAA-56A7-4081-9568-978F910C32B9}"
EndProject
Project("{8BC9CEB8-8B4A-11D0-8D11-00A0C91BC942}") = "55_badFunction", "..\55_badFunction\55_badFunction.vcxproj", "{2FF3EE2B-C950-4CF1-AB9F-82BA0F7068F3}"
EndProject
Project("{8BC9CEB8-8B4A-11D0-8D11-00A0C91BC942}") = "56_recursion", "..\56_recursion\56_recursion.vcxproj", "{030C7118-33F0-4F22-B5A8-0CB94E4343A2}"
EndProject
Global
	GlobalSection(SolutionConfigurationPlatforms) = preSolution
		Debug|x64 = Debug|x64
		Debug|x86 = Debug|x86
		Release|x64 = Release|x64
		Release|x86 = Release|x86
	EndGlobalSection
	GlobalSection(ProjectConfigurationPlatforms) = postSolution
		{5764F7B5-6960-45AD-AE3E-F3A978CFC0A0}.Debug|x64.ActiveCfg = Debug|x64
		{5764F7B5-6960-45AD-AE3E-F3A978CFC0A0}.Debug|x64.Build.0 = Debug|x64
		{5764F7B5-6960-45AD-AE3E-F3A978CFC0A0}.Debug|x86.ActiveCfg = Debug|Win32
		{5764F7B5-6960-45AD-AE3E-F3A978CFC0A0}.Debug|x86.Build.0 = Debug|Win32
		{5764F7B5-6960-45AD-AE3E-F3A978CFC0A0}.Release|x64.ActiveCfg = Release|x64
		{5764F7B5-6960-45AD-AE3E-F3A978CFC0A0}.Release|x64.Build.0 = Release|x64
		{5764F7B5-6960-45AD-AE3E-F3A978CFC0A0}.Release|x86.ActiveCfg = Release|Win32
		{5764F7B5-6960-45AD-AE3E-F3A978CFC0A0}.Release|x86.Build.0 = Release|Win32
		{5CE3FD4D-DF53-4290-8DCC-58C56C8856B7}.Debug|x64.ActiveCfg = Debug|x64
		{5CE3FD4D-DF53-4290-8DCC-58C56C8856B7}.Debug|x64.Build.0 = Debug|x64
		{5CE3FD4D-DF53-4290-8DCC-58C56C8856B7}.Debug|x86.ActiveCfg = Debug|Win32
		{5CE3FD4D-DF53-4290-8DCC-58C56C8856B7}.Debug|x86.Build.0 = Debug|Win32
		{5CE3FD4D-DF53-4290-8DCC-58C56C8856B7}.Release|x64.ActiveCfg = Release|x64
		{5CE3FD4D-DF53-4290-8DCC-58C56C8856B7}.Release|x64.Build.0 = Release|x64
		{5CE3FD4D-DF53-4290-8DCC-58C56C8856B7}.Release|x86.ActiveCfg = Release|Win32
		{5CE3FD4D-DF53-4290-8DCC-58C56C8856B7}.Release|x86.Build.0 = Release|Win32
		{7E76CC0F-179A-4BB7-A129-2E90CF5D5C0E}.Debug|x64.ActiveCfg = Debug|x64
		{7E76CC0F-179A-4BB7-A129-2E90CF5D5C0E}.Debug|x64.Build.0 = Debug|x64
		{7E76CC0F-179A-4BB7-A129-2E90CF5D5C0E}.Debug|x86.ActiveCfg = Debug|Win32
		{7E76CC0F-179A-4BB7-A129-2E90CF5D5C0E}.Debug|x86.Build.0 = Debug|Win32
		{7E76CC0F-179A-4BB7-A129-2E90CF5D5C0E}.Release|x64.ActiveCfg = Release|x64
		{7E76CC0F-179A-4BB7-A129-2E90CF5D5C0E}.Release|x64.Build.0 = Release|x64
		{7E76CC0F-179A-4BB7-A129-2E90CF5D5C0E}.Release|x86.ActiveCfg = Release|Win32
		{7E76CC0F-179A-4BB7-A129-2E90CF5D5C0E}.Release|x86.Build.0 = Release|Win32
		{A1EC58EF-0654-4B0C-9858-062E6DF682A8}.Debug|x64.ActiveCfg = Debug|x64
		{A1EC58EF-0654-4B0C-9858-062E6DF682A8}.Debug|x64.Build.0 = Debug|x64
		{A1EC58EF-0654-4B0C-9858-062E6DF682A8}.Debug|x86.ActiveCfg = Debug|Win32
		{A1EC58EF-0654-4B0C-9858-062E6DF682A8}.Debug|x86.Build.0 = Debug|Win32
		{A1EC58EF-0654-4B0C-9858-062E6DF682A8}.Release|x64.ActiveCfg = Release|x64
		{A1EC58EF-0654-4B0C-9858-062E6DF682A8}.Release|x64.Build.0 = Release|x64
		{A1EC58EF-0654-4B0C-9858-062E6DF682A8}.Release|x86.ActiveCfg = Release|Win32
		{A1EC58EF-0654-4B0C-9858-062E6DF682A8}.Release|x86.Build.0 = Release|Win32
		{F6B13C01-6A36-4905-8592-8D16C00255D2}.Debug|x64.ActiveCfg = Debug|x64
		{F6B13C01-6A36-4905-8592-8D16C00255D2}.Debug|x64.Build.0 = Debug|x64
		{F6B13C01-6A36-4905-8592-8D16C00255D2}.Debug|x86.ActiveCfg = Debug|Win32
		{F6B13C01-6A36-4905-8592-8D16C00255D2}.Debug|x86.Build.0 = Debug|Win32
		{F6B13C01-6A36-4905-8592-8D16C00255D2}.Release|x64.ActiveCfg = Release|x64
		{F6B13C01-6A36-4905-8592-8D16C00255D2}.Release|x64.Build.0 = Release|x64
		{F6B13C01-6A36-4905-8592-8D16C00255D2}.Release|x86.ActiveCfg = Release|Win32
		{F6B13C01-6A36-4905-8592-8D16C00255D2}.Release|x86.Build.0 = Release|Win32
		{2090E8AD-C061-4EE1-B75C-1C4FB12B1613}.Debug|x64.ActiveCfg = Debug|x64
		{2090E8AD-C061-4EE1-B75C-1C4FB12B1613}.Debug|x64.Build.0 = Debug|x64
		{2090E8AD-C061-4EE1-B75C-1C4FB12B1613}.Debug|x86.ActiveCfg = Debug|Win32
		{2090E8AD-C061-4EE1-B75C-1C4FB12B1613}.Debug|x86.Build.0 = Debug|Win32
		{2090E8AD-C061-4EE1-B75C-1C4FB12B1613}.Release|x64.ActiveCfg = Release|x64
		{2090E8AD-C061-4EE1-B75C-1C4FB12B1613}.Release|x64.Build.0 = Release|x64
		{2090E8AD-C061-4EE1-B75C-1C4FB12B1613}.Release|x86.ActiveCfg = Release|Win32
		{2090E8AD-C061-4EE1-B75C-1C4FB12B1613}.Release|x86.Build.0 = Release|Win32
		{B2D03D44-ED25-415B-A228-8BEA5C35ED63}.Debug|x64.ActiveCfg = Debug|x64
		{B2D03D44-ED25-415B-A228-8BEA5C35ED63}.Debug|x64.Build.0 = Debug|x64
		{B2D03D44-ED25-415B-A228-8BEA5C35ED63}.Debug|x86.ActiveCfg = Debug|Win32
		{B2D03D44-ED25-415B-A228-8BEA5C35ED63}.Debug|x86.Build.0 = Debug|Win32
		{B2D03D44-ED25-415B-A228-8BEA5C35ED63}.Release|x64.ActiveCfg = Release|x64
		{B2D03D44-ED25-415B-A228-8BEA5C35ED63}.Release|x64.Build.0 = Release|x64
		{B2D03D44-ED25-415B-A228-8BEA5C35ED63}.Release|x86.ActiveCfg = Release|Win32
		{B2D03D44-ED25-415B-A228-8BEA5C35ED63}.Release|x86.Build.0 = Release|Win32
		{6764490D-0B29-41F1-A53F-DC78AA558C97}.Debug|x64.ActiveCfg = Debug|x64
		{6764490D-0B29-41F1-A53F-DC78AA558C97}.Debug|x64.Build.0 = Debug|x64
		{6764490D-0B29-41F1-A53F-DC78AA558C97}.Debug|x86.ActiveCfg = Debug|Win32
		{6764490D-0B29-41F1-A53F-DC78AA558C97}.Debug|x86.Build.0 = Debug|Win32
		{6764490D-0B29-41F1-A53F-DC78AA558C97}.Release|x64.ActiveCfg = Release|x64
		{6764490D-0B29-41F1-A53F-DC78AA558C97}.Release|x64.Build.0 = Release|x64
		{6764490D-0B29-41F1-A53F-DC78AA558C97}.Release|x86.ActiveCfg = Release|Win32
		{6764490D-0B29-41F1-A53F-DC78AA558C97}.Release|x86.Build.0 = Release|Win32
		{3EAE2009-95B5-4E74-9AEB-D401C4016375}.Debug|x64.ActiveCfg = Debug|x64
		{3EAE2009-95B5-4E74-9AEB-D401C4016375}.Debug|x64.Build.0 = Debug|x64
		{3EAE2009-95B5-4E74-9AEB-D401C4016375}.Debug|x86.ActiveCfg = Debug|Win32
		{3EAE2009-95B5-4E74-9AEB-D401C4016375}.Debug|x86.Build.0 = Debug|Win32
		{3EAE2009-95B5-4E74-9AEB-D401C4016375}.Release|x64.ActiveCfg = Release|x64
		{3EAE2009-95B5-4E74-9AEB-D401C4016375}.Release|x64.Build.0 = Release|x64
		{3EAE2009-95B5-4E74-9AEB-D401C4016375}.Release|x86.ActiveCfg = Release|Win32
		{3EAE2009-95B5-4E74-9AEB-D401C4016375}.Release|x86.Build.0 = Release|Win32
		{1D2C2C12-B42F-4ABD-AC9B-6BEF1632E1FD}.Debug|x64.ActiveCfg = Debug|x64
		{1D2C2C12-B42F-4ABD-AC9B-6BEF1632E1FD}.Debug|x64.Build.0 = Debug|x64
		{1D2C2C12-B42F-4ABD-AC9B-6BEF1632E1FD}.Debug|x86.ActiveCfg = Debug|Win32
		{1D2C2C12-B42F-4ABD-AC9B-6BEF1632E1FD}.Debug|x86.Build.0 = Debug|Win32
		{1D2C2C12-B42F-4ABD-AC9B-6BEF1632E1FD}.Release|x64.ActiveCfg = Release|x64
		{1D2C2C12-B42F-4ABD-AC9B-6BEF1632E1FD}.Release|x64.Build.0 = Release|x64
		{1D2C2C12-B42F-4ABD-AC9B-6BEF1632E1FD}.Release|x86.ActiveCfg = Release|Win32
		{1D2C2C12-B42F-4ABD-AC9B-6BEF1632E1FD}.Release|x86.Build.0 = Release|Win32
		{6695D36F-1714-49E6-B89C-BAF8A7807407}.Debug|x64.ActiveCfg = Debug|x64
		{6695D36F-1714-49E6-B89C-BAF8A7807407}.Debug|x64.Build.0 = Debug|x64
		{6695D36F-1714-49E6-B89C-BAF8A7807407}.Debug|x86.ActiveCfg = Debug|Win32
		{6695D36F-1714-49E6-B89C-BAF8A7807407}.Debug|x86.Build.0 = Debug|Win32
		{6695D36F-1714-49E6-B89C-BAF8A7807407}.Release|x64.ActiveCfg = Release|x64
		{6695D36F-1714-49E6-B89C-BAF8A7807407}.Release|x64.Build.0 = Release|x64
		{6695D36F-1714-49E6-B89C-BAF8A7807407}.Release|x86.ActiveCfg = Release|Win32
		{6695D36F-1714-49E6-B89C-BAF8A7807407}.Release|x86.Build.0 = Release|Win32
		{CAFD19D2-88E4-4A92-9CC6-35347385925A}.Debug|x64.ActiveCfg = Debug|x64
		{CAFD19D2-88E4-4A92-9CC6-35347385925A}.Debug|x64.Build.0 = Debug|x64
		{CAFD19D2-88E4-4A92-9CC6-35347385925A}.Debug|x86.ActiveCfg = Debug|Win32
		{CAFD19D2-88E4-4A92-9CC6-35347385925A}.Debug|x86.Build.0 = Debug|Win32
		{CAFD19D2-88E4-4A92-9CC6-35347385925A}.Release|x64.ActiveCfg = Release|x64
		{CAFD19D2-88E4-4A92-9CC6-35347385925A}.Release|x64.Build.0 = Release|x64
		{CAFD19D2-88E4-4A92-9CC6-35347385925A}.Release|x86.ActiveCfg = Release|Win32
		{CAFD19D2-88E4-4A92-9CC6-35347385925A}.Release|x86.Build.0 = Release|Win32
		{EA26EEDA-AD3C-4D04-B5F6-EA69E37C0842}.Debug|x64.ActiveCfg = Debug|x64
		{EA26EEDA-AD3C-4D04-B5F6-EA69E37C0842}.Debug|x64.Build.0 = Debug|x64
		{EA26EEDA-AD3C-4D04-B5F6-EA69E37C0842}.Debug|x86.ActiveCfg = Debug|Win32
		{EA26EEDA-AD3C-4D04-B5F6-EA69E37C0842}.Debug|x86.Build.0 = Debug|Win32
		{EA26EEDA-AD3C-4D04-B5F6-EA69E37C0842}.Release|x64.ActiveCfg = Release|x64
		{EA26EEDA-AD3C-4D04-B5F6-EA69E37C0842}.Release|x64.Build.0 = Release|x64
		{EA26EEDA-AD3C-4D04-B5F6-EA69E37C0842}.Release|x86.ActiveCfg = Release|Win32
		{EA26EEDA-AD3C-4D04-B5F6-EA69E37C0842}.Release|x86.Build.0 = Release|Win32
		{0391C63C-EF4C-40AA-9D31-680356916348}.Debug|x64.ActiveCfg = Debug|x64
		{0391C63C-EF4C-40AA-9D31-680356916348}.Debug|x64.Build.0 = Debug|x64
		{0391C63C-EF4C-40AA-9D31-680356916348}.Debug|x86.ActiveCfg = Debug|Win32
		{0391C63C-EF4C-40AA-9D31-680356916348}.Debug|x86.Build.0 = Debug|Win32
		{0391C63C-EF4C-40AA-9D31-680356916348}.Release|x64.ActiveCfg = Release|x64
		{0391C63C-EF4C-40AA-9D31-680356916348}.Release|x64.Build.0 = Release|x64
		{0391C63C-EF4C-40AA-9D31-680356916348}.Release|x86.ActiveCfg = Release|Win32
		{0391C63C-EF4C-40AA-9D31-680356916348}.Release|x86.Build.0 = Release|Win32
		{91DC3CB0-5A6A-4099-93AF-ACB24111C08F}.Debug|x64.ActiveCfg = Debug|x64
		{91DC3CB0-5A6A-4099-93AF-ACB24111C08F}.Debug|x64.Build.0 = Debug|x64
		{91DC3CB0-5A6A-4099-93AF-ACB24111C08F}.Debug|x86.ActiveCfg = Debug|Win32
		{91DC3CB0-5A6A-4099-93AF-ACB24111C08F}.Debug|x86.Build.0 = Debug|Win32
		{91DC3CB0-5A6A-4099-93AF-ACB24111C08F}.Release|x64.ActiveCfg = Release|x64
		{91DC3CB0-5A6A-4099-93AF-ACB24111C08F}.Release|x64.Build.0 = Release|x64
		{91DC3CB0-5A6A-4099-93AF-ACB24111C08F}.Release|x86.ActiveCfg = Release|Win32
		{91DC3CB0-5A6A-4099-93AF-ACB24111C08F}.Release|x86.Build.0 = Release|Win32
		{59B8316E-92C0-4D20-B6E5-FA175DDDAE5C}.Debug|x64.ActiveCfg = Debug|x64
		{59B8316E-92C0-4D20-B6E5-FA175DDDAE5C}.Debug|x64.Build.0 = Debug|x64
		{59B8316E-92C0-4D20-B6E5-FA175DDDAE5C}.Debug|x86.ActiveCfg = Debug|Win32
		{59B8316E-92C0-4D20-B6E5-FA175DDDAE5C}.Debug|x86.Build.0 = Debug|Win32
		{59B8316E-92C0-4D20-B6E5-FA175DDDAE5C}.Release|x64.ActiveCfg = Release|x64
		{59B8316E-92C0-4D20-B6E5-FA175DDDAE5C}.Release|x64.Build.0 = Release|x64
		{59B8316E-92C0-4D20-B6E5-FA175DDDAE5C}.Release|x86.ActiveCfg = Release|Win32
		{59B8316E-92C0-4D20-B6E5-FA175DDDAE5C}.Release|x86.Build.0 = Release|Win32
		{99F20F2E-B39C-4C81-878A-274C5FE25225}.Debug|x64.ActiveCfg = Debug|x64
		{99F20F2E-B39C-4C81-878A-274C5FE25225}.Debug|x64.Build.0 = Debug|x64
		{99F20F2E-B39C-4C81-878A-274C5FE25225}.Debug|x86.ActiveCfg = Debug|Win32
		{99F20F2E-B39C-4C81-878A-274C5FE25225}.Debug|x86.Build.0 = Debug|Win32
		{99F20F2E-B39C-4C81-878A-274C5FE25225}.Release|x64.ActiveCfg = Release|x64
		{99F20F2E-B39C-4C81-878A-274C5FE25225}.Release|x64.Build.0 = Release|x64
		{99F20F2E-B39C-4C81-878A-274C5FE25225}.Release|x86.ActiveCfg = Release|Win32
		{99F20F2E-B39C-4C81-878A-274C5FE25225}.Release|x86.Build.0 = Release|Win32
		{39283709-A0A3-4DDE-9EC4-1C22FF70BB77}.Debug|x64.ActiveCfg = Debug|x64
		{39283709-A0A3-4DDE-9EC4-1C22FF70BB77}.Debug|x64.Build.0 = Debug|x64
		{39283709-A0A3-4DDE-9EC4-1C22FF70BB77}.Debug|x86.ActiveCfg = Debug|Win32
		{39283709-A0A3-4DDE-9EC4-1C22FF70BB77}.Debug|x86.Build.0 = Debug|Win32
		{39283709-A0A3-4DDE-9EC4-1C22FF70BB77}.Release|x64.ActiveCfg = Release|x64
		{39283709-A0A3-4DDE-9EC4-1C22FF70BB77}.Release|x64.Build.0 = Release|x64
		{39283709-A0A3-4DDE-9EC4-1C22FF70BB77}.Release|x86.ActiveCfg = Release|Win32
		{39283709-A0A3-4DDE-9EC4-1C22FF70BB77}.Release|x86.Build.0 = Release|Win32
		{2AE66CB0-4C9B-4A04-9DFA-FABA3406ADA8}.Debug|x64.ActiveCfg = Debug|x64
		{2AE66CB0-4C9B-4A04-9DFA-FABA3406ADA8}.Debug|x64.Build.0 = Debug|x64
		{2AE66CB0-4C9B-4A04-9DFA-FABA3406ADA8}.Debug|x86.ActiveCfg = Debug|Win32
		{2AE66CB0-4C9B-4A04-9DFA-FABA3406ADA8}.Debug|x86.Build.0 = Debug|Win32
		{2AE66CB0-4C9B-4A04-9DFA-FABA3406ADA8}.Release|x64.ActiveCfg = Release|x64
		{2AE66CB0-4C9B-4A04-9DFA-FABA3406ADA8}.Release|x64.Build.0 = Release|x64
		{2AE66CB0-4C9B-4A04-9DFA-FABA3406ADA8}.Release|x86.ActiveCfg = Release|Win32
		{2AE66CB0-4C9B-4A04-9DFA-FABA3406ADA8}.Release|x86.Build.0 = Release|Win32
		{5EAD342B-CD51-4998-8A2C-2A1A5A539641}.Debug|x64.ActiveCfg = Debug|x64
		{5EAD342B-CD51-4998-8A2C-2A1A5A539641}.Debug|x64.Build.0 = Debug|x64
		{5EAD342B-CD51-4998-8A2C-2A1A5A539641}.Debug|x86.ActiveCfg = Debug|Win32
		{5EAD342B-CD51-4998-8A2C-2A1A5A539641}.Debug|x86.Build.0 = Debug|Win32
		{5EAD342B-CD51-4998-8A2C-2A1A5A539641}.Release|x64.ActiveCfg = Release|x64
		{5EAD342B-CD51-4998-8A2C-2A1A5A539641}.Release|x64.Build.0 = Release|x64
		{5EAD342B-CD51-4998-8A2C-2A1A5A539641}.Release|x86.ActiveCfg = Release|Win32
		{5EAD342B-CD51-4998-8A2C-2A1A5A539641}.Release|x86.Build.0 = Release|Win32
		{94F299F1-FB72-4D5B-934C-03710843201D}.Debug|x64.ActiveCfg = Debug|x64
		{94F299F1-FB72-4D5B-934C-03710843201D}.Debug|x64.Build.0 = Debug|x64
		{94F299F1-FB72-4D5B-934C-03710843201D}.Debug|x86.ActiveCfg = Debug|Win32
		{94F299F1-FB72-4D5B-934C-03710843201D}.Debug|x86.Build.0 = Debug|Win32
		{94F299F1-FB72-4D5B-934C-03710843201D}.Release|x64.ActiveCfg = Release|x64
		{94F299F1-FB72-4D5B-934C-03710843201D}.Release|x64.Build.0 = Release|x64
		{94F299F1-FB72-4D5B-934C-03710843201D}.Release|x86.ActiveCfg = Release|Win32
		{94F299F1-FB72-4D5B-934C-03710843201D}.Release|x86.Build.0 = Release|Win32
		{3B12536D-6129-4D50-AFCD-95CB517DA59D}.Debug|x64.ActiveCfg = Debug|x64
		{3B12536D-6129-4D50-AFCD-95CB517DA59D}.Debug|x64.Build.0 = Debug|x64
		{3B12536D-6129-4D50-AFCD-95CB517DA59D}.Debug|x86.ActiveCfg = Debug|Win32
		{3B12536D-6129-4D50-AFCD-95CB517DA59D}.Debug|x86.Build.0 = Debug|Win32
		{3B12536D-6129-4D50-AFCD-95CB517DA59D}.Release|x64.ActiveCfg = Release|x64
		{3B12536D-6129-4D50-AFCD-95CB517DA59D}.Release|x64.Build.0 = Release|x64
		{3B12536D-6129-4D50-AFCD-95CB517DA59D}.Release|x86.ActiveCfg = Release|Win32
		{3B12536D-6129-4D50-AFCD-95CB517DA59D}.Release|x86.Build.0 = Release|Win32
		{E22228AF-D7F0-44F1-BBB7-76E45E90E920}.Debug|x64.ActiveCfg = Debug|x64
		{E22228AF-D7F0-44F1-BBB7-76E45E90E920}.Debug|x64.Build.0 = Debug|x64
		{E22228AF-D7F0-44F1-BBB7-76E45E90E920}.Debug|x86.ActiveCfg = Debug|Win32
		{E22228AF-D7F0-44F1-BBB7-76E45E90E920}.Debug|x86.Build.0 = Debug|Win32
		{E22228AF-D7F0-44F1-BBB7-76E45E90E920}.Release|x64.ActiveCfg = Release|x64
		{E22228AF-D7F0-44F1-BBB7-76E45E90E920}.Release|x64.Build.0 = Release|x64
		{E22228AF-D7F0-44F1-BBB7-76E45E90E920}.Release|x86.ActiveCfg = Release|Win32
		{E22228AF-D7F0-44F1-BBB7-76E45E90E920}.Release|x86.Build.0 = Release|Win32
		{F5740FD2-11FB-449B-826A-B548683CBE02}.Debug|x64.ActiveCfg = Debug|x64
		{F5740FD2-11FB-449B-826A-B548683CBE02}.Debug|x64.Build.0 = Debug|x64
		{F5740FD2-11FB-449B-826A-B548683CBE02}.Debug|x86.ActiveCfg = Debug|Win32
		{F5740FD2-11FB-449B-826A-B548683CBE02}.Debug|x86.Build.0 = Debug|Win32
		{F5740FD2-11FB-449B-826A-B548683CBE02}.Release|x64.ActiveCfg = Release|x64
		{F5740FD2-11FB-449B-826A-B548683CBE02}.Release|x64.Build.0 = Release|x64
		{F5740FD2-11FB-449B-826A-B548683CBE02}.Release|x86.ActiveCfg = Release|Win32
		{F5740FD2-11FB-449B-826A-B548683CBE02}.Release|x86.Build.0 = Release|Win32
		{90AD6CDA-C9E6-4F50-80A2-06E8A381028B}.Debug|x64.ActiveCfg = Debug|x64
		{90AD6CDA-C9E6-4F50-80A2-06E8A381028B}.Debug|x64.Build.0 = Debug|x64
		{90AD6CDA-C9E6-4F50-80A2-06E8A381028B}.Debug|x86.ActiveCfg = Debug|Win32
		{90AD6CDA-C9E6-4F50-80A2-06E8A381028B}.Debug|x86.Build.0 = Debug|Win32
		{90AD6CDA-C9E6-4F50-80A2-06E8A381028B}.Release|x64.ActiveCfg = Release|x64
		{90AD6CDA-C9E6-4F50-80A2-06E8A381028B}.Release|x64.Build.0 = Release|x64
		{90AD6CDA-C9E6-4F50-80A2-06E8A381028B}.Release|x86.ActiveCfg = Release|Win32
		{90AD6CDA-C9E6-4F50-80A2-06E8A381028B}.Release|x86.Build.0 = Release|Win32
		{04C299C4-EE9C-411C-856C-A23B167F6ABD}.Debug|x64.ActiveCfg = Debug|x64
		{04C299C4-EE9C-411C-856C-A23B167F6ABD}.Debug|x64.Build.0 = Debug|x64
		{04C299C4-EE9C-411C-856C-A23B167F6ABD}.Debug|x86.ActiveCfg = Debug|Win32
		{04C299C4-EE9C-411C-856C-A23B167F6ABD}.Debug|x86.Build.0 = Debug|Win32
		{04C299C4-EE9C-411C-856C-A23B167F6ABD}.Release|x64.ActiveCfg = Release|x64
		{04C299C4-EE9C-411C-856C-A23B167F6ABD}.Release|x64.Build.0 = Release|x64
		{04C299C4-EE9C-411C-856C-A23B167F6ABD}.Release|x86.ActiveCfg = Release|Win32
		{04C299C4-EE9C-411C-856C-A23B167F6ABD}.Release|x86.Build.0 = Release|Win32
		{87492827-BC5A-45CB-97CE-9B5288282012}.Debug|x64.ActiveCfg = Debug|x64
		{87492827-BC5A-45CB-97CE-9B5288282012}.Debug|x64.Build.0 = Debug|x64
		{87492827-BC5A-45CB-97CE-9B5288282012}.Debug|x86.ActiveCfg = Debug|Win32
		{87492827-BC5A-45CB-97CE-9B5288282012}.Debug|x86.Build.0 = Debug|Win32
		{87492827-BC5A-45CB-97CE-9B5288282012}.Release|x64.ActiveCfg = Release|x64
		{87492827-BC5A-45CB-97CE-9B5288282012}.Release|x64.Build.0 = Release|x64
		{87492827-BC5A-45CB-97CE-9B5288282012}.Release|x86.ActiveCfg = Release|Win32
		{87492827-BC5A-45CB-97CE-9B5288282012}.Release|x86.Build.0 = Release|Win32
		{018B7F0A-AED3-469D-84B8-755BE542149F}.Debug|x64.ActiveCfg = Debug|x64
		{018B7F0A-AED3-469D-84B8-755BE542149F}.Debug|x64.Build.0 = Debug|x64
		{018B7F0A-AED3-469D-84B8-755BE542149F}.Debug|x86.ActiveCfg = Debug|Win32
		{018B7F0A-AED3-469D-84B8-755BE542149F}.Debug|x86.Build.0 = Debug|Win32
		{018B7F0A-AED3-469D-84B8-755BE542149F}.Release|x64.ActiveCfg = Release|x64
		{018B7F0A-AED3-469D-84B8-755BE542149F}.Release|x64.Build.0 = Release|x64
		{018B7F0A-AED3-469D-84B8-755BE542149F}.Release|x86.ActiveCfg = Release|Win32
		{018B7F0A-AED3-469D-84B8-755BE542149F}.Release|x86.Build.0 = Release|Win32
		{65693D83-DBA6-47F1-944E-335E6E33BBC4}.Debug|x64.ActiveCfg = Debug|x64
		{65693D83-DBA6-47F1-944E-335E6E33BBC4}.Debug|x64.Build.0 = Debug|x64
		{65693D83-DBA6-47F1-944E-335E6E33BBC4}.Debug|x86.ActiveCfg = Debug|Win32
		{65693D83-DBA6-47F1-944E-335E6E33BBC4}.Debug|x86.Build.0 = Debug|Win32
		{65693D83-DBA6-47F1-944E-335E6E33BBC4}.Release|x64.ActiveCfg = Release|x64
		{65693D83-DBA6-47F1-944E-335E6E33BBC4}.Release|x64.Build.0 = Release|x64
		{65693D83-DBA6-47F1-944E-335E6E33BBC4}.Release|x86.ActiveCfg = Release|Win32
		{65693D83-DBA6-47F1-944E-335E6E33BBC4}.Release|x86.Build.0 = Release|Win32
		{7B54859A-E6F3-445B-9D16-942545DAE911}.Debug|x64.ActiveCfg = Debug|x64
		{7B54859A-E6F3-445B-9D16-942545DAE911}.Debug|x64.Build.0 = Debug|x64
		{7B54859A-E6F3-445B-9D16-942545DAE911}.Debug|x86.ActiveCfg = Debug|Win32
		{7B54859A-E6F3-445B-9D16-942545DAE911}.Debug|x86.Build.0 = Debug|Win32
		{7B54859A-E6F3-445B-9D16-942545DAE911}.Release|x64.ActiveCfg = Release|x64
		{7B54859A-E6F3-445B-9D16-942545DAE911}.Release|x64.Build.0 = Release|x64
		{7B54859A-E6F3-445B-9D16-942545DAE911}.Release|x86.ActiveCfg = Release|Win32
		{7B54859A-E6F3-445B-9D16-942545DAE911}.Release|x86.Build.0 = Release|Win32
		{92C73F96-3811-48D2-B816-5D8DEEE3F83C}.Debug|x64.ActiveCfg = Debug|x64
		{92C73F96-3811-48D2-B816-5D8DEEE3F83C}.Debug|x64.Build.0 = Debug|x64
		{92C73F96-3811-48D2-B816-5D8DEEE3F83C}.Debug|x86.ActiveCfg = Debug|Win32
		{92C73F96-3811-48D2-B816-5D8DEEE3F83C}.Debug|x86.Build.0 = Debug|Win32
		{92C73F96-3811-48D2-B816-5D8DEEE3F83C}.Release|x64.ActiveCfg = Release|x64
		{92C73F96-3811-48D2-B816-5D8DEEE3F83C}.Release|x64.Build.0 = Release|x64
		{92C73F96-3811-48D2-B816-5D8DEEE3F83C}.Release|x86.ActiveCfg = Release|Win32
		{92C73F96-3811-48D2-B816-5D8DEEE3F83C}.Release|x86.Build.0 = Release|Win32
		{57C4EF0C-BEE4-48F5-8ADB-72DEE1CB9E79}.Debug|x64.ActiveCfg = Debug|x64
		{57C4EF0C-BEE4-48F5-8ADB-72DEE1CB9E79}.Debug|x64.Build.0 = Debug|x64
		{57C4EF0C-BEE4-48F5-8ADB-72DEE1CB9E79}.Debug|x86.ActiveCfg = Debug|Win32
		{57C4EF0C-BEE4-48F5-8ADB-72DEE1CB9E79}.Debug|x86.Build.0 = Debug|Win32
		{57C4EF0C-BEE4-48F5-8ADB-72DEE1CB9E79}.Release|x64.ActiveCfg = Release|x64
		{57C4EF0C-BEE4-48F5-8ADB-72DEE1CB9E79}.Release|x64.Build.0 = Release|x64
		{57C4EF0C-BEE4-48F5-8ADB-72DEE1CB9E79}.Release|x86.ActiveCfg = Release|Win32
		{57C4EF0C-BEE4-48F5-8ADB-72DEE1CB9E79}.Release|x86.Build.0 = Release|Win32
		{1CA7BB6A-EBBE-49E9-973E-BE14516EEBDF}.Debug|x64.ActiveCfg = Debug|x64
		{1CA7BB6A-EBBE-49E9-973E-BE14516EEBDF}.Debug|x64.Build.0 = Debug|x64
		{1CA7BB6A-EBBE-49E9-973E-BE14516EEBDF}.Debug|x86.ActiveCfg = Debug|Win32
		{1CA7BB6A-EBBE-49E9-973E-BE14516EEBDF}.Debug|x86.Build.0 = Debug|Win32
		{1CA7BB6A-EBBE-49E9-973E-BE14516EEBDF}.Release|x64.ActiveCfg = Release|x64
		{1CA7BB6A-EBBE-49E9-973E-BE14516EEBDF}.Release|x64.Build.0 = Release|x64
		{1CA7BB6A-EBBE-49E9-973E-BE14516EEBDF}.Release|x86.ActiveCfg = Release|Win32
		{1CA7BB6A-EBBE-49E9-973E-BE14516EEBDF}.Release|x86.Build.0 = Release|Win32
		{1D3C7C3E-D5DC-49C2-8713-663A0FEF41E3}.Debug|x64.ActiveCfg = Debug|x64
		{1D3C7C3E-D5DC-49C2-8713-663A0FEF41E3}.Debug|x64.Build.0 = Debug|x64
		{1D3C7C3E-D5DC-49C2-8713-663A0FEF41E3}.Debug|x86.ActiveCfg = Debug|Win32
		{1D3C7C3E-D5DC-49C2-8713-663A0FEF41E3}.Debug|x86.Build.0 = Debug|Win32
		{1D3C7C3E-D5DC-49C2-8713-663A0FEF41E3}.Release|x64.ActiveCfg = Release|x64
		{1D3C7C3E-D5DC-49C2-8713-663A0FEF41E3}.Release|x64.Build.0 = Release|x64
		{1D3C7C3E-D5DC-49C2-8713-663A0FEF41E3}.Release|x86.ActiveCfg = Release|Win32
		{1D3C7C3E-D5DC-49C2-8713-663A0FEF41E3}.Release|x86.Build.0 = Release|Win32
		{7A1A5479-A5F2-493E-B211-17D02A2E1F7B}.Debug|x64.ActiveCfg = Debug|x64
		{7A1A5479-A5F2-493E-B211-17D02A2E1F7B}.Debug|x64.Build.0 = Debug|x64
		{7A1A5479-A5F2-493E-B211-17D02A2E1F7B}.Debug|x86.ActiveCfg = Debug|Win32
		{7A1A5479-A5F2-493E-B211-17D02A2E1F7B}.Debug|x86.Build.0 = Debug|Win32
		{7A1A5479-A5F2-493E-B211-17D02A2E1F7B}.Release|x64.ActiveCfg = Release|x64
		{7A1A5479-A5F2-493E-B211-17D02A2E1F7B}.Release|x64.Build.0 = Release|x64
		{7A1A5479-A5F2-493E-B211-17D02A2E1F7B}.Release|x86.ActiveCfg = Release|Win32
		{7A1A5479-A5F2-493E-B211-17D02A2E1F7B}.Release|x86.Build.0 = Release|Win32
		{7CA2B4F6-028E-46E8-8D06-C2802979F703}.Debug|x64.ActiveCfg = Debug|x64
		{7CA2B4F6-028E-46E8-8D06-C2802979F703}.Debug|x64.Build.0 = Debug|x64
		{7CA2B4F6-028E-46E8-8D06-C2802979F703}.Debug|x86.ActiveCfg = Debug|Win32
		{7CA2B4F6-028E-46E8-8D06-C2802979F703}.Debug|x86.Build.0 = Debug|Win32
		{7CA2B4F6-028E-46E8-8D06-C2802979F703}.Release|x64.ActiveCfg = Release|x64
		{7CA2B4F6-028E-46E8-8D06-C2802979F703}.Release|x64.Build.0 = Release|x64
		{7CA2B4F6-028E-46E8-8D06-C2802979F703}.Release|x86.ActiveCfg = Release|Win32
		{7CA2B4F6-028E-46E8-8D06-C2802979F703}.Release|x86.Build.0 = Release|Win32
		{892881D8-2C43-4E50-A356-56FDD52A2322}.Debug|x64.ActiveCfg = Debug|x64
		{892881D8-2C43-4E50-A356-56FDD52A2322}.Debug|x64.Build.0 = Debug|x64
		{892881D8-2C43-4E50-A356-56FDD52A2322}.Debug|x86.ActiveCfg = Debug|Win32
		{892881D8-2C43-4E50-A356-56FDD52A2322}.Debug|x86.Build.0 = Debug|Win32
		{892881D8-2C43-4E50-A356-56FDD52A2322}.Release|x64.ActiveCfg = Release|x64
		{892881D8-2C43-4E50-A356-56FDD52A2322}.Release|x64.Build.0 = Release|x64
		{892881D8-2C43-4E50-A356-56FDD52A2322}.Release|x86.ActiveCfg = Release|Win32
		{892881D8-2C43-4E50-A356-56FDD52A2322}.Release|x86.Build.0 = Release|Win32
		{B5BC2A96-7CC8-45AC-BEC7-0C9F034888DF}.Debug|x64.ActiveCfg = Debug|x64
		{B5BC2A96-7CC8-45AC-BEC7-0C9F034888DF}.Debug|x64.Build.0 = Debug|x64
		{B5BC2A96-7CC8-45AC-BEC7-0C9F034888DF}.Debug|x86.ActiveCfg = Debug|Win32
		{B5BC2A96-7CC8-45AC-BEC7-0C9F034888DF}.Debug|x86.Build.0 = Debug|Win32
		{B5BC2A96-7CC8-45AC-BEC7-0C9F034888DF}.Release|x64.ActiveCfg = Release|x64
		{B5BC2A96-7CC8-45AC-BEC7-0C9F034888DF}.Release|x64.Build.0 = Release|x64
		{B5BC2A96-7CC8-45AC-BEC7-0C9F034888DF}.Release|x86.ActiveCfg = Release|Win32
		{B5BC2A96-7CC8-45AC-BEC7-0C9F034888DF}.Release|x86.Build.0 = Release|Win32
		{ECAA8A25-7A49-4979-A5CB-3819CBD6571F}.Debug|x64.ActiveCfg = Debug|x64
		{ECAA8A25-7A49-4979-A5CB-3819CBD6571F}.Debug|x64.Build.0 = Debug|x64
		{ECAA8A25-7A49-4979-A5CB-3819CBD6571F}.Debug|x86.ActiveCfg = Debug|Win32
		{ECAA8A25-7A49-4979-A5CB-3819CBD6571F}.Debug|x86.Build.0 = Debug|Win32
		{ECAA8A25-7A49-4979-A5CB-3819CBD6571F}.Release|x64.ActiveCfg = Release|x64
		{ECAA8A25-7A49-4979-A5CB-3819CBD6571F}.Release|x64.Build.0 = Release|x64
		{ECAA8A25-7A49-4979-A5CB-3819CBD6571F}.Release|x86.ActiveCfg = Release|Win32
		{ECAA8A25-7A49-4979-A5CB-3819CBD6571F}.Release|x86.Build.0 = Release|Win32
		{54412632-263F-4853-92AB-352BC114F3E8}.Debug|x64.ActiveCfg = Debug|x64
		{54412632-263F-4853-92AB-352BC114F3E8}.Debug|x64.Build.0 = Debug|x64
		{54412632-263F-4853-92AB-352BC114F3E8}.Debug|x86.ActiveCfg = Debug|Win32
		{54412632-263F-4853-92AB-352BC114F3E8}.Debug|x86.Build.0 = Debug|Win32
		{54412632-263F-4853-92AB-352BC114F3E8}.Release|x64.ActiveCfg = Release|x64
		{54412632-263F-4853-92AB-352BC114F3E8}.Release|x64.Build.0 = Release|x64
		{54412632-263F-4853-92AB-352BC114F3E8}.Release|x86.ActiveCfg = Release|Win32
		{54412632-263F-4853-92AB-352BC114F3E8}.Release|x86.Build.0 = Release|Win32
		{FCEE797F-1C55-4806-9B1D-205B38054A9E}.Debug|x64.ActiveCfg = Debug|x64
		{FCEE797F-1C55-4806-9B1D-205B38054A9E}.Debug|x64.Build.0 = Debug|x64
		{FCEE797F-1C55-4806-9B1D-205B38054A9E}.Debug|x86.ActiveCfg = Debug|Win32
		{FCEE797F-1C55-4806-9B1D-205B38054A9E}.Debug|x86.Build.0 = Debug|Win32
		{FCEE797F-1C55-4806-9B1D-205B38054A9E}.Release|x64.ActiveCfg = Release|x64
		{FCEE797F-1C55-4806-9B1D-205B38054A9E}.Release|x64.Build.0 = Release|x64
		{FCEE797F-1C55-4806-9B1D-205B38054A9E}.Release|x86.ActiveCfg = Release|Win32
		{FCEE797F-1C55-4806-9B1D-205B38054A9E}.Release|x86.Build.0 = Release|Win32
		{41C0E4CB-C0AF-4EE7-8F3B-A1528EB6DD64}.Debug|x64.ActiveCfg = Debug|x64
		{41C0E4CB-C0AF-4EE7-8F3B-A1528EB6DD64}.Debug|x64.Build.0 = Debug|x64
		{41C0E4CB-C0AF-4EE7-8F3B-A1528EB6DD64}.Debug|x86.ActiveCfg = Debug|Win32
		{41C0E4CB-C0AF-4EE7-8F3B-A1528EB6DD64}.Debug|x86.Build.0 = Debug|Win32
		{41C0E4CB-C0AF-4EE7-8F3B-A1528EB6DD64}.Release|x64.ActiveCfg = Release|x64
		{41C0E4CB-C0AF-4EE7-8F3B-A1528EB6DD64}.Release|x64.Build.0 = Release|x64
		{41C0E4CB-C0AF-4EE7-8F3B-A1528EB6DD64}.Release|x86.ActiveCfg = Release|Win32
		{41C0E4CB-C0AF-4EE7-8F3B-A1528EB6DD64}.Release|x86.Build.0 = Release|Win32
		{C27DF171-793B-47AA-B918-9B4056251C0E}.Debug|x64.ActiveCfg = Debug|x64
		{C27DF171-793B-47AA-B918-9B4056251C0E}.Debug|x64.Build.0 = Debug|x64
		{C27DF171-793B-47AA-B918-9B4056251C0E}.Debug|x86.ActiveCfg = Debug|Win32
		{C27DF171-793B-47AA-B918-9B4056251C0E}.Debug|x86.Build.0 = Debug|Win32
		{C27DF171-793B-47AA-B918-9B4056251C0E}.Release|x64.ActiveCfg = Release|x64
		{C27DF171-793B-47AA-B918-9B4056251C0E}.Release|x64.Build.0 = Release|x64
		{C27DF171-793B-47AA-B918-9B4056251C0E}.Release|x86.ActiveCfg = Release|Win32
		{C27DF171-793B-47AA-B918-9B4056251C0E}.Release|x86.Build.0 = Release|Win32
		{8AC08465-04F2-4001-A7D6-69F0F3775574}.Debug|x64.ActiveCfg = Debug|x64
		{8AC08465-04F2-4001-A7D6-69F0F3775574}.Debug|x64.Build.0 = Debug|x64
		{8AC08465-04F2-4001-A7D6-69F0F3775574}.Debug|x86.ActiveCfg = Debug|Win32
		{8AC08465-04F2-4001-A7D6-69F0F3775574}.Debug|x86.Build.0 = Debug|Win32
		{8AC08465-04F2-4001-A7D6-69F0F3775574}.Release|x64.ActiveCfg = Release|x64
		{8AC08465-04F2-4001-A7D6-69F0F3775574}.Release|x64.Build.0 = Release|x64
		{8AC08465-04F2-4001-A7D6-69F0F3775574}.Release|x86.ActiveCfg = Release|Win32
		{8AC08465-04F2-4001-A7D6-69F0F3775574}.Release|x86.Build.0 = Release|Win32
		{970212A1-AAE4-433F-A62C-99B9E464E94B}.Debug|x64.ActiveCfg = Debug|x64
		{970212A1-AAE4-433F-A62C-99B9E464E94B}.Debug|x64.Build.0 = Debug|x64
		{970212A1-AAE4-433F-A62C-99B9E464E94B}.Debug|x86.ActiveCfg = Debug|Win32
		{970212A1-AAE4-433F-A62C-99B9E464E94B}.Debug|x86.Build.0 = Debug|Win32
		{970212A1-AAE4-433F-A62C-99B9E464E94B}.Release|x64.ActiveCfg = Release|x64
		{970212A1-AAE4-433F-A62C-99B9E464E94B}.Release|x64.Build.0 = Release|x64
		{970212A1-AAE4-433F-A62C-99B9E464E94B}.Release|x86.ActiveCfg = Release|Win32
		{970212A1-AAE4-433F-A62C-99B9E464E94B}.Release|x86.Build.0 = Release|Win32
		{283460FD-FF1C-4B84-AD2E-08B373A49642}.Debug|x64.ActiveCfg = Debug|x64
		{283460FD-FF1C-4B84-AD2E-08B373A49642}.Debug|x64.Build.0 = Debug|x64
		{283460FD-FF1C-4B84-AD2E-08B373A49642}.Debug|x86.ActiveCfg = Debug|Win32
		{283460FD-FF1C-4B84-AD2E-08B373A49642}.Debug|x86.Build.0 = Debug|Win32
		{283460FD-FF1C-4B84-AD2E-08B373A49642}.Release|x64.ActiveCfg = Release|x64
		{283460FD-FF1C-4B84-AD2E-08B373A49642}.Release|x64.Build.0 = Release|x64
		{283460FD-FF1C-4B84-AD2E-08B373A49642}.Release|x86.ActiveCfg = Release|Win32
		{283460FD-FF1C-4B84-AD2E-08B373A49642}.Release|x86.Build.0 = Release|Win32
		{2987E107-0335-48A1-825A-0F5939B34D3C}.Debug|x64.ActiveCfg = Debug|x64
		{2987E107-0335-48A1-825A-0F5939B34D3C}.Debug|x64.Build.0 = Debug|x64
		{2987E107-0335-48A1-825A-0F5939B34D3C}.Debug|x86.ActiveCfg = Debug|Win32
		{2987E107-0335-48A1-825A-0F5939B34D3C}.Debug|x86.Build.0 = Debug|Win32
		{2987E107-0335-48A1-825A-0F5939B34D3C}.Release|x64.ActiveCfg = Release|x64
		{2987E107-0335-48A1-825A-0F5939B34D3C}.Release|x64.Build.0 = Release|x64
		{2987E107-0335-48A1-825A-0F5939B34D3C}.Release|x86.ActiveCfg = Release|Win32
		{2987E107-0335-48A1-825A-0F5939B34D3C}.Release|x86.Build.0 = Release|Win32
		{27FF8E96-15BE-406D-B580-8CAE04D1C274}.Debug|x64.ActiveCfg = Debug|x64
		{27FF8E96-15BE-406D-B580-8CAE04D1C274}.Debug|x64.Build.0 = Debug|x64
		{27FF8E96-15BE-406D-B580-8CAE04D1C274}.Debug|x86.ActiveCfg = Debug|Win32
		{27FF8E96-15BE-406D-B580-8CAE04D1C274}.Debug|x86.Build.0 = Debug|Win32
		{27FF8E96-15BE-406D-B580-8CAE04D1C274}.Release|x64.ActiveCfg = Release|x64
		{27FF8E96-15BE-406D-B580-8CAE04D1C274}.Release|x64.Build.0 = Release|x64
		{27FF8E96-15BE-406D-B580-8CAE04D1C274}.Release|x86.ActiveCfg = Release|Win32
		{27FF8E96-15BE-406D-B580-8CAE04D1C274}.Release|x86.Build.0 = Release|Win32
		{AF5C6231-25B6-45C4-9F24-C26DA8BFBB37}.Debug|x64.ActiveCfg = Debug|x64
		{AF5C6231-25B6-45C4-9F24-C26DA8BFBB37}.Debug|x64.Build.0 = Debug|x64
		{AF5C6231-25B6-45C4-9F24-C26DA8BFBB37}.Debug|x86.ActiveCfg = Debug|Win32
		{AF5C6231-25B6-45C4-9F24-C26DA8BFBB37}.Debug|x86.Build.0 = Debug|Win32
		{AF5C6231-25B6-45C4-9F24-C26DA8BFBB37}.Release|x64.ActiveCfg = Release|x64
		{AF5C6231-25B6-45C4-9F24-C26DA8BFBB37}.Release|x64.Build.0 = Release|x64
		{AF5C6231-25B6-45C4-9F24-C26DA8BFBB37}.Release|x86.ActiveCfg = Release|Win32
		{AF5C6231-25B6-45C4-9F24-C26DA8BFBB37}.Release|x86.Build.0 = Release|Win32
		{ABFE5608-A1F4-4525-99B8-011E45B5F0D3}.Debug|x64.ActiveCfg = Debug|x64
		{ABFE5608-A1F4-4525-99B8-011E45B5F0D3}.Debug|x64.Build.0 = Debug|x64
		{ABFE5608-A1F4-4525-99B8-011E45B5F0D3}.Debug|x86.ActiveCfg = Debug|Win32
		{ABFE5608-A1F4-4525-99B8-011E45B5F0D3}.Debug|x86.Build.0 = Debug|Win32
		{ABFE5608-A1F4-4525-99B8-011E45B5F0D3}.Release|x64.ActiveCfg = Release|x64
		{ABFE5608-A1F4-4525-99B8-011E45B5F0D3}.Release|x64.Build.0 = Release|x64
		{ABFE5608-A1F4-4525-99B8-011E45B5F0D3}.Release|x86.ActiveCfg = Release|Win32
		{ABFE5608-A1F4-4525-99B8-011E45B5F0D3}.Release|x86.Build.0 = Release|Win32
		{25F349FD-7377-4613-94DB-C4ADF53EA97C}.Debug|x64.ActiveCfg = Debug|x64
		{25F349FD-7377-4613-94DB-C4ADF53EA97C}.Debug|x64.Build.0 = Debug|x64
		{25F349FD-7377-4613-94DB-C4ADF53EA97C}.Debug|x86.ActiveCfg = Debug|Win32
		{25F349FD-7377-4613-94DB-C4ADF53EA97C}.Debug|x86.Build.0 = Debug|Win32
		{25F349FD-7377-4613-94DB-C4ADF53EA97C}.Release|x64.ActiveCfg = Release|x64
		{25F349FD-7377-4613-94DB-C4ADF53EA97C}.Release|x64.Build.0 = Release|x64
		{25F349FD-7377-4613-94DB-C4ADF53EA97C}.Release|x86.ActiveCfg = Release|Win32
		{25F349FD-7377-4613-94DB-C4ADF53EA97C}.Release|x86.Build.0 = Release|Win32
		{90296DDF-B926-4193-BFAD-035C44CEE08C}.Debug|x64.ActiveCfg = Debug|x64
		{90296DDF-B926-4193-BFAD-035C44CEE08C}.Debug|x64.Build.0 = Debug|x64
		{90296DDF-B926-4193-BFAD-035C44CEE08C}.Debug|x86.ActiveCfg = Debug|Win32
		{90296DDF-B926-4193-BFAD-035C44CEE08C}.Debug|x86.Build.0 = Debug|Win32
		{90296DDF-B926-4193-BFAD-035C44CEE08C}.Release|x64.ActiveCfg = Release|x64
		{90296DDF-B926-4193-BFAD-035C44CEE08C}.Release|x64.Build.0 = Release|x64
		{90296DDF-B926-4193-BFAD-035C44CEE08C}.Release|x86.ActiveCfg = Release|Win32
		{90296DDF-B926-4193-BFAD-035C44CEE08C}.Release|x86.Build.0 = Release|Win32
		{69F38442-9774-4785-A568-CEF91A4DF673}.Debug|x64.ActiveCfg = Debug|x64
		{69F38442-9774-4785-A568-CEF91A4DF673}.Debug|x64.Build.0 = Debug|x64
		{69F38442-9774-4785-A568-CEF91A4DF673}.Debug|x86.ActiveCfg = Debug|Win32
		{69F38442-9774-4785-A568-CEF91A4DF673}.Debug|x86.Build.0 = Debug|Win32
		{69F38442-9774-4785-A568-CEF91A4DF673}.Release|x64.ActiveCfg = Release|x64
		{69F38442-9774-4785-A568-CEF91A4DF673}.Release|x64.Build.0 = Release|x64
		{69F38442-9774-4785-A568-CEF91A4DF673}.Release|x86.ActiveCfg = Release|Win32
		{69F38442-9774-4785-A568-CEF91A4DF673}.Release|x86.Build.0 = Release|Win32
		{E4019F59-3785-42CA-A26B-45FA64AFA3FA}.Debug|x64.ActiveCfg = Debug|x64
		{E4019F59-3785-42CA-A26B-45FA64AFA3FA}.Debug|x64.Build.0 = Debug|x64
		{E4019F59-3785-42CA-A26B-45FA64AFA3FA}.Debug|x86.ActiveCfg = Debug|Win32
		{E4019F59-3785-42CA-A26B-45FA64AFA3FA}.Debug|x86.Build.0 = Debug|Win32
		{E4019F59-3785-42CA-A26B-45FA64AFA3FA}.Release|x64.ActiveCfg = Release|x64
		{E4019F59-3785-42CA-A26B-45FA64AFA3FA}.Release|x64.Build.0 = Release|x64
		{E4019F59-3785-42CA-A26B-45FA64AFA3FA}.Release|x86.ActiveCfg = Release|Win32
		{E4019F59-3785-42CA-A26B-45FA64AFA3FA}.Release|x86.Build.0 = Release|Win32
		{7AA66EAA-56A7-4081-9568-978F910C32B9}.Debug|x64.ActiveCfg = Debug|x64
		{7AA66EAA-56A7-4081-9568-978F910C32B9}.Debug|x64.Build.0 = Debug|x64
		{7AA66EAA-56A7-4081-9568-978F910C32B9}.Debug|x86.ActiveCfg = Debug|Win32
		{7AA66EAA-56A7-4081-9568-978F910C32B9}.Debug|x86.Build.0 = Debug|Win32
		{7AA66EAA-56A7-4081-9568-978F910C32B9}.Release|x64.ActiveCfg = Release|x64
		{7AA66EAA-56A7-4081-9568-978F910C32B9}.Release|x64.Build.0 = Release|x64
		{7AA66EAA-56A7-4081-9568-978F910C32B9}.Release|x86.ActiveCfg = Release|Win32
		{7AA66EAA-56A7-4081-9568-978F910C32B9}.Release|x86.Build.0 = Release|Win32
		{2FF3EE2B-C950-4CF1-AB9F-82BA0F7068F3}.Debug|x64.ActiveCfg = Debug|x64
		{2FF3EE2B-C950-4CF1-AB9F-82BA0F7068F3}.Debug|x64.Build.0 = Debug|x64
		{2FF3EE2B-C950-4CF1-AB9F-82BA0F7068F3}.Debug|x86.ActiveCfg = Debug|Win32
		{2FF3EE2B-C950-4CF1-AB9F-82BA0F7068F3}.Debug|x86.Build.0 = Debug|Win32
		{2FF3EE2B-C950-4CF1-AB9F-82BA0F7068F3}.Release|x64.ActiveCfg = Release|x64
		{2FF3EE2B-C950-4CF1-AB9F-82BA0F7068F3}.Release|x64.Build.0 = Release|x64
		{2FF3EE2B-C950-4CF1-AB9F-82BA0F7068F3}.Release|x86.ActiveCfg = Release|Win32
		{2FF3EE2B-C950-4CF1-AB9F-82BA0F7068F3}.Release|x86.Build.0 = Release|Win32
		{030C7118-33F0-4F22-B5A8-0CB94E4343A2}.Debug|x64.ActiveCfg = Debug|x64
		{030C7118-33F0-4F22-B5A8-0CB94E4343A2}.Debug|x64.Build.0 = Debug|x64
		{030C7118-33F0-4F22-B5A8-0CB94E4343A2}.Debug|x86.ActiveCfg = Debug|Win32
		{030C7118-33F0-4F22-B5A8-0CB94E4343A2}.Debug|x86.Build.0 = Debug|Win32
		{030C7118-33F0-4F22-B5A8-0CB94E4343A2}.Release|x64.ActiveCfg = Release|x64
		{030C7118-33F0-4F22-B5A8-0CB94E4343A2}.Release|x64.Build.0 = Release|x64
		{030C7118-33F0-4F22-B5A8-0CB94E4343A2}.Release|x86.ActiveCfg = Release|Win32
		{030C7118-33F0-4F22-B5A8-0CB94E4343A2}.Release|x86.Build.0 = Release|Win32
	EndGlobalSection
	GlobalSection(SolutionProperties) = preSolution
		HideSolutionNode = FALSE
	EndGlobalSection
	GlobalSection(ExtensibilityGlobals) = postSolution
		SolutionGuid = {5F13E00E-8926-44EB-AE12-9C3F2E86778B}
	EndGlobalSection
EndGlobal
