
Microsoft Visual Studio Solution File, Format Version 12.00
# Visual Studio Version 17
VisualStudioVersion = 17.8.34525.116
MinimumVisualStudioVersion = 10.0.40219.1
Project("{8BC9CEB8-8B4A-11D0-8D11-00A0C91BC942}") = "00_helloWorld", "Mastering-C-with-Grit.vcxproj", "{5764F7B5-6960-45AD-AE3E-F3A978CFC0A0}"
EndProject
Project("{8BC9CEB8-8B4A-11D0-8D11-00A0C91BC942}") = "02_getch", "..\02_getch\02_getch.vcxproj", "{5CE3FD4D-DF53-4290-8DCC-58C56C8856B7}"
EndProject
Project("{8BC9CEB8-8B4A-11D0-8D11-00A0C91BC942}") = "03_gets", "..\03_gets\03_gets.vcxproj", "{7E76CC0F-179A-4BB7-A129-2E90CF5D5C0E}"
EndProject
Project("{8BC9CEB8-8B4A-11D0-8D11-00A0C91BC942}") = "01_getchar", "..\01_getchar\getchar01.vcxproj", "{A1EC58EF-0654-4B0C-9858-062E6DF682A8}"
EndProject
Project("{8BC9CEB8-8B4A-11D0-8D11-00A0C91BC942}") = "04_charInt", "..\04_charInt\04_charInt.vcxproj", "{F6B13C01-6A36-4905-8592-8D16C00255D2}"
EndProject
Project("{8BC9CEB8-8B4A-11D0-8D11-00A0C91BC942}") = "05_scanfInt", "..\05_scanfInt\05_scanfInt.vcxproj", "{2090E8AD-C061-4EE1-B75C-1C4FB12B1613}"
EndProject
Project("{8BC9CEB8-8B4A-11D0-8D11-00A0C91BC942}") = "06_exam", "..\06_exam\06_exam.vcxproj", "{B2D03D44-ED25-415B-A228-8BEA5C35ED63}"
EndProject
Project("{8BC9CEB8-8B4A-11D0-8D11-00A0C91BC942}") = "07_fflush", "..\07_fflush\07_fflush.vcxproj", "{6764490D-0B29-41F1-A53F-DC78AA558C97}"
EndProject
Project("{8BC9CEB8-8B4A-11D0-8D11-00A0C91BC942}") = "08_exam", "..\08_exam\08_exam.vcxproj", "{3EAE2009-95B5-4E74-9AEB-D401C4016375}"
EndProject
Global
	GlobalSection(SolutionConfigurationPlatforms) = preSolution
		Debug|x64 = Debug|x64
		Debug|x86 = Debug|x86
		Release|x64 = Release|x64
		Release|x86 = Release|x86
	EndGlobalSection
	GlobalSection(ProjectConfigurationPlatforms) = postSolution
		{5764F7B5-6960-45AD-AE3E-F3A978CFC0A0}.Debug|x64.ActiveCfg = Debug|x64
		{5764F7B5-6960-45AD-AE3E-F3A978CFC0A0}.Debug|x64.Build.0 = Debug|x64
		{5764F7B5-6960-45AD-AE3E-F3A978CFC0A0}.Debug|x86.ActiveCfg = Debug|Win32
		{5764F7B5-6960-45AD-AE3E-F3A978CFC0A0}.Debug|x86.Build.0 = Debug|Win32
		{5764F7B5-6960-45AD-AE3E-F3A978CFC0A0}.Release|x64.ActiveCfg = Release|x64
		{5764F7B5-6960-45AD-AE3E-F3A978CFC0A0}.Release|x64.Build.0 = Release|x64
		{5764F7B5-6960-45AD-AE3E-F3A978CFC0A0}.Release|x86.ActiveCfg = Release|Win32
		{5764F7B5-6960-45AD-AE3E-F3A978CFC0A0}.Release|x86.Build.0 = Release|Win32
		{5CE3FD4D-DF53-4290-8DCC-58C56C8856B7}.Debug|x64.ActiveCfg = Debug|x64
		{5CE3FD4D-DF53-4290-8DCC-58C56C8856B7}.Debug|x64.Build.0 = Debug|x64
		{5CE3FD4D-DF53-4290-8DCC-58C56C8856B7}.Debug|x86.ActiveCfg = Debug|Win32
		{5CE3FD4D-DF53-4290-8DCC-58C56C8856B7}.Debug|x86.Build.0 = Debug|Win32
		{5CE3FD4D-DF53-4290-8DCC-58C56C8856B7}.Release|x64.ActiveCfg = Release|x64
		{5CE3FD4D-DF53-4290-8DCC-58C56C8856B7}.Release|x64.Build.0 = Release|x64
		{5CE3FD4D-DF53-4290-8DCC-58C56C8856B7}.Release|x86.ActiveCfg = Release|Win32
		{5CE3FD4D-DF53-4290-8DCC-58C56C8856B7}.Release|x86.Build.0 = Release|Win32
		{7E76CC0F-179A-4BB7-A129-2E90CF5D5C0E}.Debug|x64.ActiveCfg = Debug|x64
		{7E76CC0F-179A-4BB7-A129-2E90CF5D5C0E}.Debug|x64.Build.0 = Debug|x64
		{7E76CC0F-179A-4BB7-A129-2E90CF5D5C0E}.Debug|x86.ActiveCfg = Debug|Win32
		{7E76CC0F-179A-4BB7-A129-2E90CF5D5C0E}.Debug|x86.Build.0 = Debug|Win32
		{7E76CC0F-179A-4BB7-A129-2E90CF5D5C0E}.Release|x64.ActiveCfg = Release|x64
		{7E76CC0F-179A-4BB7-A129-2E90CF5D5C0E}.Release|x64.Build.0 = Release|x64
		{7E76CC0F-179A-4BB7-A129-2E90CF5D5C0E}.Release|x86.ActiveCfg = Release|Win32
		{7E76CC0F-179A-4BB7-A129-2E90CF5D5C0E}.Release|x86.Build.0 = Release|Win32
		{A1EC58EF-0654-4B0C-9858-062E6DF682A8}.Debug|x64.ActiveCfg = Debug|x64
		{A1EC58EF-0654-4B0C-9858-062E6DF682A8}.Debug|x64.Build.0 = Debug|x64
		{A1EC58EF-0654-4B0C-9858-062E6DF682A8}.Debug|x86.ActiveCfg = Debug|Win32
		{A1EC58EF-0654-4B0C-9858-062E6DF682A8}.Debug|x86.Build.0 = Debug|Win32
		{A1EC58EF-0654-4B0C-9858-062E6DF682A8}.Release|x64.ActiveCfg = Release|x64
		{A1EC58EF-0654-4B0C-9858-062E6DF682A8}.Release|x64.Build.0 = Release|x64
		{A1EC58EF-0654-4B0C-9858-062E6DF682A8}.Release|x86.ActiveCfg = Release|Win32
		{A1EC58EF-0654-4B0C-9858-062E6DF682A8}.Release|x86.Build.0 = Release|Win32
		{F6B13C01-6A36-4905-8592-8D16C00255D2}.Debug|x64.ActiveCfg = Debug|x64
		{F6B13C01-6A36-4905-8592-8D16C00255D2}.Debug|x64.Build.0 = Debug|x64
		{F6B13C01-6A36-4905-8592-8D16C00255D2}.Debug|x86.ActiveCfg = Debug|Win32
		{F6B13C01-6A36-4905-8592-8D16C00255D2}.Debug|x86.Build.0 = Debug|Win32
		{F6B13C01-6A36-4905-8592-8D16C00255D2}.Release|x64.ActiveCfg = Release|x64
		{F6B13C01-6A36-4905-8592-8D16C00255D2}.Release|x64.Build.0 = Release|x64
		{F6B13C01-6A36-4905-8592-8D16C00255D2}.Release|x86.ActiveCfg = Release|Win32
		{F6B13C01-6A36-4905-8592-8D16C00255D2}.Release|x86.Build.0 = Release|Win32
		{2090E8AD-C061-4EE1-B75C-1C4FB12B1613}.Debug|x64.ActiveCfg = Debug|x64
		{2090E8AD-C061-4EE1-B75C-1C4FB12B1613}.Debug|x64.Build.0 = Debug|x64
		{2090E8AD-C061-4EE1-B75C-1C4FB12B1613}.Debug|x86.ActiveCfg = Debug|Win32
		{2090E8AD-C061-4EE1-B75C-1C4FB12B1613}.Debug|x86.Build.0 = Debug|Win32
		{2090E8AD-C061-4EE1-B75C-1C4FB12B1613}.Release|x64.ActiveCfg = Release|x64
		{2090E8AD-C061-4EE1-B75C-1C4FB12B1613}.Release|x64.Build.0 = Release|x64
		{2090E8AD-C061-4EE1-B75C-1C4FB12B1613}.Release|x86.ActiveCfg = Release|Win32
		{2090E8AD-C061-4EE1-B75C-1C4FB12B1613}.Release|x86.Build.0 = Release|Win32
		{B2D03D44-ED25-415B-A228-8BEA5C35ED63}.Debug|x64.ActiveCfg = Debug|x64
		{B2D03D44-ED25-415B-A228-8BEA5C35ED63}.Debug|x64.Build.0 = Debug|x64
		{B2D03D44-ED25-415B-A228-8BEA5C35ED63}.Debug|x86.ActiveCfg = Debug|Win32
		{B2D03D44-ED25-415B-A228-8BEA5C35ED63}.Debug|x86.Build.0 = Debug|Win32
		{B2D03D44-ED25-415B-A228-8BEA5C35ED63}.Release|x64.ActiveCfg = Release|x64
		{B2D03D44-ED25-415B-A228-8BEA5C35ED63}.Release|x64.Build.0 = Release|x64
		{B2D03D44-ED25-415B-A228-8BEA5C35ED63}.Release|x86.ActiveCfg = Release|Win32
		{B2D03D44-ED25-415B-A228-8BEA5C35ED63}.Release|x86.Build.0 = Release|Win32
		{6764490D-0B29-41F1-A53F-DC78AA558C97}.Debug|x64.ActiveCfg = Debug|x64
		{6764490D-0B29-41F1-A53F-DC78AA558C97}.Debug|x64.Build.0 = Debug|x64
		{6764490D-0B29-41F1-A53F-DC78AA558C97}.Debug|x86.ActiveCfg = Debug|Win32
		{6764490D-0B29-41F1-A53F-DC78AA558C97}.Debug|x86.Build.0 = Debug|Win32
		{6764490D-0B29-41F1-A53F-DC78AA558C97}.Release|x64.ActiveCfg = Release|x64
		{6764490D-0B29-41F1-A53F-DC78AA558C97}.Release|x64.Build.0 = Release|x64
		{6764490D-0B29-41F1-A53F-DC78AA558C97}.Release|x86.ActiveCfg = Release|Win32
		{6764490D-0B29-41F1-A53F-DC78AA558C97}.Release|x86.Build.0 = Release|Win32
		{3EAE2009-95B5-4E74-9AEB-D401C4016375}.Debug|x64.ActiveCfg = Debug|x64
		{3EAE2009-95B5-4E74-9AEB-D401C4016375}.Debug|x64.Build.0 = Debug|x64
		{3EAE2009-95B5-4E74-9AEB-D401C4016375}.Debug|x86.ActiveCfg = Debug|Win32
		{3EAE2009-95B5-4E74-9AEB-D401C4016375}.Debug|x86.Build.0 = Debug|Win32
		{3EAE2009-95B5-4E74-9AEB-D401C4016375}.Release|x64.ActiveCfg = Release|x64
		{3EAE2009-95B5-4E74-9AEB-D401C4016375}.Release|x64.Build.0 = Release|x64
		{3EAE2009-95B5-4E74-9AEB-D401C4016375}.Release|x86.ActiveCfg = Release|Win32
		{3EAE2009-95B5-4E74-9AEB-D401C4016375}.Release|x86.Build.0 = Release|Win32
	EndGlobalSection
	GlobalSection(SolutionProperties) = preSolution
		HideSolutionNode = FALSE
	EndGlobalSection
	GlobalSection(ExtensibilityGlobals) = postSolution
		SolutionGuid = {5F13E00E-8926-44EB-AE12-9C3F2E86778B}
	EndGlobalSection
EndGlobal
