
Microsoft Visual Studio Solution File, Format Version 12.00
# Visual Studio Version 17
VisualStudioVersion = 17.8.34525.116
MinimumVisualStudioVersion = 10.0.40219.1
Project("{8BC9CEB8-8B4A-11D0-8D11-00A0C91BC942}") = "Mastering-C-with-Grit", "Mastering-C-with-Grit.vcxproj", "{5764F7B5-6960-45AD-AE3E-F3A978CFC0A0}"
EndProject
Project("{8BC9CEB8-8B4A-11D0-8D11-00A0C91BC942}") = "01_getchar", "..\getchar01\getchar01.vcxproj", "{A1EC58EF-0654-4B0C-9858-062E6DF682A8}"
EndProject
Project("{8BC9CEB8-8B4A-11D0-8D11-00A0C91BC942}") = "02_getch", "..\02_getch\02_getch.vcxproj", "{5CE3FD4D-DF53-4290-8DCC-58C56C8856B7}"
EndProject
Global
	GlobalSection(SolutionConfigurationPlatforms) = preSolution
		Debug|x64 = Debug|x64
		Debug|x86 = Debug|x86
		Release|x64 = Release|x64
		Release|x86 = Release|x86
	EndGlobalSection
	GlobalSection(ProjectConfigurationPlatforms) = postSolution
		{5764F7B5-6960-45AD-AE3E-F3A978CFC0A0}.Debug|x64.ActiveCfg = Debug|x64
		{5764F7B5-6960-45AD-AE3E-F3A978CFC0A0}.Debug|x64.Build.0 = Debug|x64
		{5764F7B5-6960-45AD-AE3E-F3A978CFC0A0}.Debug|x86.ActiveCfg = Debug|Win32
		{5764F7B5-6960-45AD-AE3E-F3A978CFC0A0}.Debug|x86.Build.0 = Debug|Win32
		{5764F7B5-6960-45AD-AE3E-F3A978CFC0A0}.Release|x64.ActiveCfg = Release|x64
		{5764F7B5-6960-45AD-AE3E-F3A978CFC0A0}.Release|x64.Build.0 = Release|x64
		{5764F7B5-6960-45AD-AE3E-F3A978CFC0A0}.Release|x86.ActiveCfg = Release|Win32
		{5764F7B5-6960-45AD-AE3E-F3A978CFC0A0}.Release|x86.Build.0 = Release|Win32
		{A1EC58EF-0654-4B0C-9858-062E6DF682A8}.Debug|x64.ActiveCfg = Debug|x64
		{A1EC58EF-0654-4B0C-9858-062E6DF682A8}.Debug|x64.Build.0 = Debug|x64
		{A1EC58EF-0654-4B0C-9858-062E6DF682A8}.Debug|x86.ActiveCfg = Debug|Win32
		{A1EC58EF-0654-4B0C-9858-062E6DF682A8}.Debug|x86.Build.0 = Debug|Win32
		{A1EC58EF-0654-4B0C-9858-062E6DF682A8}.Release|x64.ActiveCfg = Release|x64
		{A1EC58EF-0654-4B0C-9858-062E6DF682A8}.Release|x64.Build.0 = Release|x64
		{A1EC58EF-0654-4B0C-9858-062E6DF682A8}.Release|x86.ActiveCfg = Release|Win32
		{A1EC58EF-0654-4B0C-9858-062E6DF682A8}.Release|x86.Build.0 = Release|Win32
		{5CE3FD4D-DF53-4290-8DCC-58C56C8856B7}.Debug|x64.ActiveCfg = Debug|x64
		{5CE3FD4D-DF53-4290-8DCC-58C56C8856B7}.Debug|x64.Build.0 = Debug|x64
		{5CE3FD4D-DF53-4290-8DCC-58C56C8856B7}.Debug|x86.ActiveCfg = Debug|Win32
		{5CE3FD4D-DF53-4290-8DCC-58C56C8856B7}.Debug|x86.Build.0 = Debug|Win32
		{5CE3FD4D-DF53-4290-8DCC-58C56C8856B7}.Release|x64.ActiveCfg = Release|x64
		{5CE3FD4D-DF53-4290-8DCC-58C56C8856B7}.Release|x64.Build.0 = Release|x64
		{5CE3FD4D-DF53-4290-8DCC-58C56C8856B7}.Release|x86.ActiveCfg = Release|Win32
		{5CE3FD4D-DF53-4290-8DCC-58C56C8856B7}.Release|x86.Build.0 = Release|Win32
	EndGlobalSection
	GlobalSection(SolutionProperties) = preSolution
		HideSolutionNode = FALSE
	EndGlobalSection
	GlobalSection(ExtensibilityGlobals) = postSolution
		SolutionGuid = {5F13E00E-8926-44EB-AE12-9C3F2E86778B}
	EndGlobalSection
EndGlobal
